PODS:
  - ObjectiveDDP (0.1.4):
    - SocketRocket (= 0.3.1-beta2)
  - SocketRocket (0.3.1-beta2)

DEPENDENCIES:
  - ObjectiveDDP (from `https://github.com/boundsj/ObjectiveDDP.git`, branch `master`)

EXTERNAL SOURCES:
  ObjectiveDDP:
    :branch: master
    :git: https://github.com/boundsj/ObjectiveDDP.git

SPEC CHECKSUMS:
  ObjectiveDDP: 9210144c041e1dc62f5a172aaccb7962402c58bd
  SocketRocket: 79a68ae186063c65e1fe6f638b1ae2927aa5f304

COCOAPODS: 0.33.1
