PODS:
  - ObjectiveDDP (0.1.3):
    - SocketRocket (= 0.3.1-beta2)
  - SocketRocket (0.3.1-beta2)

DEPENDENCIES:
  - ObjectiveDDP (from `https://github.com/boundsj/ObjectiveDDP.git`)

EXTERNAL SOURCES:
  ObjectiveDDP:
    :git: https://github.com/boundsj/ObjectiveDDP.git

SPEC CHECKSUMS:
  ObjectiveDDP: b3c5b9737ce2a1bf540a161a5f44bd1426df3d55
  SocketRocket: 79a68ae186063c65e1fe6f638b1ae2927aa5f304

COCOAPODS: 0.32.1
