PODS:
  - ObjectiveDDP (0.0.13)
  - SocketRocket (0.3.1-beta2)

DEPENDENCIES:
  - ObjectiveDDP (from `git@github.com:boundsj/ObjectiveDDP.git`, branch `develop`)
  - SocketRocket (from `git@github.com:square/SocketRocket.git`)

EXTERNAL SOURCES:
  ObjectiveDDP:
    :branch: develop
    :git: git@github.com:boundsj/ObjectiveDDP.git
  SocketRocket:
    :git: git@github.com:square/SocketRocket.git

SPEC CHECKSUMS:
  ObjectiveDDP: 3d42d04e21f0a5cfdaa9f22082ef9b2d25f68bb8
  SocketRocket: 9cbe08469513356cddc0afcab1ff160bd190296a

COCOAPODS: 0.19.1
