PODS:
  - ObjectiveDDP (0.0.21)
  - SocketRocket (0.3.1-beta2)

DEPENDENCIES:
  - ObjectiveDDP (from `/Users/boundsj/workspace/ios/ObjectiveDDP`)
  - SocketRocket (from `git@github.com:square/SocketRocket.git`)

EXTERNAL SOURCES:
  ObjectiveDDP:
    :path: /Users/boundsj/workspace/ios/ObjectiveDDP
  SocketRocket:
    :git: git@github.com:square/SocketRocket.git

SPEC CHECKSUMS:
  ObjectiveDDP: 923cf6a62aed54febb2d9c18e37a32087682bd37
  SocketRocket: 9cbe08469513356cddc0afcab1ff160bd190296a

COCOAPODS: 0.19.1
