// !$*UTF8*$!
{
	archiveVersion = 1;
	classes = {
	};
	objectVersion = 46;
	objects = {

/* Begin PBXBuildFile section */
		4000D63A170E880400296229 /* Foundation.framework in Frameworks */ = {isa = PBXBuildFile; fileRef = 4000D639170E880400296229 /* Foundation.framework */; };
		4000D63F170E880400296229 /* ObjectiveDDP.h in CopyFiles */ = {isa = PBXBuildFile; fileRef = 4000D63E170E880400296229 /* ObjectiveDDP.h */; };
		4000D641170E880400296229 /* ObjectiveDDP.m in Sources */ = {isa = PBXBuildFile; fileRef = 4000D640170E880400296229 /* ObjectiveDDP.m */; };
		401AEB7E170E9EC7008B38EA /* libicucore.dylib in Frameworks */ = {isa = PBXBuildFile; fileRef = 401AEB7D170E9EC7008B38EA /* libicucore.dylib */; };
		401AEB80170E9ECC008B38EA /* SystemConfiguration.framework in Frameworks */ = {isa = PBXBuildFile; fileRef = 401AEB7F170E9ECC008B38EA /* SystemConfiguration.framework */; };
		401AEB82170E9ED2008B38EA /* CFNetwork.framework in Frameworks */ = {isa = PBXBuildFile; fileRef = 401AEB81170E9ED2008B38EA /* CFNetwork.framework */; };
		401AEB84170E9EEB008B38EA /* Security.framework in Frameworks */ = {isa = PBXBuildFile; fileRef = 401AEB83170E9EEB008B38EA /* Security.framework */; };
		4027EDE21783E1F400CAEC1C /* srp.c in Sources */ = {isa = PBXBuildFile; fileRef = 405FD5F61746BCD5001F8AE7 /* srp.c */; settings = {COMPILER_FLAGS = "-fno-objc-arc"; }; };
		4079F9DB170EB31D00194B4A /* UIKit.framework in Frameworks */ = {isa = PBXBuildFile; fileRef = 4079F9DA170EB31D00194B4A /* UIKit.framework */; };
		4079F9DC170EB31D00194B4A /* Foundation.framework in Frameworks */ = {isa = PBXBuildFile; fileRef = 4000D639170E880400296229 /* Foundation.framework */; };
		4079F9DE170EB31D00194B4A /* CoreGraphics.framework in Frameworks */ = {isa = PBXBuildFile; fileRef = 4079F9DD170EB31D00194B4A /* CoreGraphics.framework */; };
		4079F9E4170EB31D00194B4A /* InfoPlist.strings in Resources */ = {isa = PBXBuildFile; fileRef = 4079F9E2170EB31D00194B4A /* InfoPlist.strings */; };
		4079F9E6170EB31D00194B4A /* main.m in Sources */ = {isa = PBXBuildFile; fileRef = 4079F9E5170EB31D00194B4A /* main.m */; };
		4079F9E9170EB31E00194B4A /* Cedar-iOS.framework in Frameworks */ = {isa = PBXBuildFile; fileRef = 4079F9E8170EB31E00194B4A /* Cedar-iOS.framework */; };
		4079F9F1170EB35200194B4A /* Security.framework in Frameworks */ = {isa = PBXBuildFile; fileRef = 401AEB83170E9EEB008B38EA /* Security.framework */; };
		4079F9F2170EB35800194B4A /* CFNetwork.framework in Frameworks */ = {isa = PBXBuildFile; fileRef = 401AEB81170E9ED2008B38EA /* CFNetwork.framework */; };
		4079F9F3170EB36000194B4A /* SystemConfiguration.framework in Frameworks */ = {isa = PBXBuildFile; fileRef = 401AEB7F170E9ECC008B38EA /* SystemConfiguration.framework */; };
		4079F9F4170EB36700194B4A /* libicucore.dylib in Frameworks */ = {isa = PBXBuildFile; fileRef = 401AEB7D170E9EC7008B38EA /* libicucore.dylib */; };
		4079F9F5170EB39200194B4A /* ObjectiveDDP.m in Sources */ = {isa = PBXBuildFile; fileRef = 4000D640170E880400296229 /* ObjectiveDDP.m */; };
		4079F9F7170EB3B000194B4A /* ObjectiveDDPSpec.mm in Sources */ = {isa = PBXBuildFile; fileRef = 4079F9F6170EB3B000194B4A /* ObjectiveDDPSpec.mm */; settings = {COMPILER_FLAGS = "-fno-objc-arc"; }; };
		40A305F3178D27E800546C1F /* Default-568h@2x.png in Resources */ = {isa = PBXBuildFile; fileRef = 40A305F2178D27E800546C1F /* Default-568h@2x.png */; };
		40F8370C1741C59700AF2340 /* BSONIdGenerator.m in Sources */ = {isa = PBXBuildFile; fileRef = 888B6DFE173B66EA001EED80 /* BSONIdGenerator.m */; };
		40F8370D1741C59700AF2340 /* MeteorClient.m in Sources */ = {isa = PBXBuildFile; fileRef = 888B6DFB173B6508001EED80 /* MeteorClient.m */; };
		40F8370F1741C62800AF2340 /* MeteorClientSpec.mm in Sources */ = {isa = PBXBuildFile; fileRef = 40F8370E1741C62800AF2340 /* MeteorClientSpec.mm */; settings = {COMPILER_FLAGS = "-fno-objc-arc"; }; };
		430E014E41C9666E08613FCE /* MockSRWebSocket.m in Sources */ = {isa = PBXBuildFile; fileRef = 430E02ACD0BC78CC53F31D72 /* MockSRWebSocket.m */; };
		430E08B6E86CA801EE954D0F /* MockObjectiveDDPDelegate.m in Sources */ = {isa = PBXBuildFile; fileRef = 430E092B95390D2D558E5F3B /* MockObjectiveDDPDelegate.m */; };
		570DE62F4BD74C18AE51ED8C /* libPods.a in Frameworks */ = {isa = PBXBuildFile; fileRef = 2C1F0C9084EA4B2DBD349673 /* libPods.a */; };
		888B6DFC173B6508001EED80 /* MeteorClient.m in Sources */ = {isa = PBXBuildFile; fileRef = 888B6DFB173B6508001EED80 /* MeteorClient.m */; };
		888B6DFF173B66EA001EED80 /* BSONIdGenerator.m in Sources */ = {isa = PBXBuildFile; fileRef = 888B6DFE173B66EA001EED80 /* BSONIdGenerator.m */; };
		9D3C062D54114FB1AC5700F0 /* libPods.a in Frameworks */ = {isa = PBXBuildFile; fileRef = 22BE0B3F1B814D98AAAE26CF /* libPods.a */; };
/* End PBXBuildFile section */

/* Begin PBXCopyFilesBuildPhase section */
		4000D634170E880400296229 /* CopyFiles */ = {
			isa = PBXCopyFilesBuildPhase;
			buildActionMask = 2147483647;
			dstPath = "include/${PRODUCT_NAME}";
			dstSubfolderSpec = 16;
			files = (
				4000D63F170E880400296229 /* ObjectiveDDP.h in CopyFiles */,
			);
			runOnlyForDeploymentPostprocessing = 0;
		};
/* End PBXCopyFilesBuildPhase section */

/* Begin PBXFileReference section */
		22BE0B3F1B814D98AAAE26CF /* libPods.a */ = {isa = PBXFileReference; explicitFileType = archive.ar; includeInIndex = 0; path = libPods.a; sourceTree = BUILT_PRODUCTS_DIR; };
		2459525257B94E909C3CA1DF /* Pods.xcconfig */ = {isa = PBXFileReference; includeInIndex = 1; lastKnownFileType = text.xcconfig; name = Pods.xcconfig; path = Pods/Pods.xcconfig; sourceTree = SOURCE_ROOT; };
		2C1F0C9084EA4B2DBD349673 /* libPods.a */ = {isa = PBXFileReference; explicitFileType = archive.ar; includeInIndex = 0; path = libPods.a; sourceTree = BUILT_PRODUCTS_DIR; };
		4000D636170E880400296229 /* libObjectiveDDP.a */ = {isa = PBXFileReference; explicitFileType = archive.ar; includeInIndex = 0; path = libObjectiveDDP.a; sourceTree = BUILT_PRODUCTS_DIR; };
		4000D639170E880400296229 /* Foundation.framework */ = {isa = PBXFileReference; lastKnownFileType = wrapper.framework; name = Foundation.framework; path = System/Library/Frameworks/Foundation.framework; sourceTree = SDKROOT; };
		4000D63D170E880400296229 /* ObjectiveDDP-Prefix.pch */ = {isa = PBXFileReference; lastKnownFileType = sourcecode.c.h; path = "ObjectiveDDP-Prefix.pch"; sourceTree = "<group>"; };
		4000D63E170E880400296229 /* ObjectiveDDP.h */ = {isa = PBXFileReference; lastKnownFileType = sourcecode.c.h; path = ObjectiveDDP.h; sourceTree = "<group>"; };
		4000D640170E880400296229 /* ObjectiveDDP.m */ = {isa = PBXFileReference; lastKnownFileType = sourcecode.c.objc; path = ObjectiveDDP.m; sourceTree = "<group>"; };
		401AEB7D170E9EC7008B38EA /* libicucore.dylib */ = {isa = PBXFileReference; lastKnownFileType = "compiled.mach-o.dylib"; name = libicucore.dylib; path = usr/lib/libicucore.dylib; sourceTree = SDKROOT; };
		401AEB7F170E9ECC008B38EA /* SystemConfiguration.framework */ = {isa = PBXFileReference; lastKnownFileType = wrapper.framework; name = SystemConfiguration.framework; path = System/Library/Frameworks/SystemConfiguration.framework; sourceTree = SDKROOT; };
		401AEB81170E9ED2008B38EA /* CFNetwork.framework */ = {isa = PBXFileReference; lastKnownFileType = wrapper.framework; name = CFNetwork.framework; path = System/Library/Frameworks/CFNetwork.framework; sourceTree = SDKROOT; };
		401AEB83170E9EEB008B38EA /* Security.framework */ = {isa = PBXFileReference; lastKnownFileType = wrapper.framework; name = Security.framework; path = System/Library/Frameworks/Security.framework; sourceTree = SDKROOT; };
		405FD5A71745DABE001F8AE7 /* libcrypto.a */ = {isa = PBXFileReference; lastKnownFileType = archive.ar; name = libcrypto.a; path = ObjectiveDDP/libcrypto.a; sourceTree = "<group>"; };
		405FD5A91745DABE001F8AE7 /* aes.h */ = {isa = PBXFileReference; fileEncoding = 4; lastKnownFileType = sourcecode.c.h; path = aes.h; sourceTree = "<group>"; };
		405FD5AA1745DABE001F8AE7 /* asn1.h */ = {isa = PBXFileReference; fileEncoding = 4; lastKnownFileType = sourcecode.c.h; path = asn1.h; sourceTree = "<group>"; };
		405FD5AB1745DABE001F8AE7 /* asn1_mac.h */ = {isa = PBXFileReference; fileEncoding = 4; lastKnownFileType = sourcecode.c.h; path = asn1_mac.h; sourceTree = "<group>"; };
		405FD5AC1745DABE001F8AE7 /* asn1t.h */ = {isa = PBXFileReference; fileEncoding = 4; lastKnownFileType = sourcecode.c.h; path = asn1t.h; sourceTree = "<group>"; };
		405FD5AD1745DABE001F8AE7 /* bio.h */ = {isa = PBXFileReference; fileEncoding = 4; lastKnownFileType = sourcecode.c.h; path = bio.h; sourceTree = "<group>"; };
		405FD5AE1745DABE001F8AE7 /* blowfish.h */ = {isa = PBXFileReference; fileEncoding = 4; lastKnownFileType = sourcecode.c.h; path = blowfish.h; sourceTree = "<group>"; };
		405FD5AF1745DABE001F8AE7 /* bn.h */ = {isa = PBXFileReference; fileEncoding = 4; lastKnownFileType = sourcecode.c.h; path = bn.h; sourceTree = "<group>"; };
		405FD5B01745DABE001F8AE7 /* buffer.h */ = {isa = PBXFileReference; fileEncoding = 4; lastKnownFileType = sourcecode.c.h; path = buffer.h; sourceTree = "<group>"; };
		405FD5B11745DABE001F8AE7 /* camellia.h */ = {isa = PBXFileReference; fileEncoding = 4; lastKnownFileType = sourcecode.c.h; path = camellia.h; sourceTree = "<group>"; };
		405FD5B21745DABE001F8AE7 /* cast.h */ = {isa = PBXFileReference; fileEncoding = 4; lastKnownFileType = sourcecode.c.h; path = cast.h; sourceTree = "<group>"; };
		405FD5B31745DABE001F8AE7 /* cmac.h */ = {isa = PBXFileReference; fileEncoding = 4; lastKnownFileType = sourcecode.c.h; path = cmac.h; sourceTree = "<group>"; };
		405FD5B41745DABE001F8AE7 /* cms.h */ = {isa = PBXFileReference; fileEncoding = 4; lastKnownFileType = sourcecode.c.h; path = cms.h; sourceTree = "<group>"; };
		405FD5B51745DABE001F8AE7 /* comp.h */ = {isa = PBXFileReference; fileEncoding = 4; lastKnownFileType = sourcecode.c.h; path = comp.h; sourceTree = "<group>"; };
		405FD5B61745DABE001F8AE7 /* conf.h */ = {isa = PBXFileReference; fileEncoding = 4; lastKnownFileType = sourcecode.c.h; path = conf.h; sourceTree = "<group>"; };
		405FD5B71745DABE001F8AE7 /* conf_api.h */ = {isa = PBXFileReference; fileEncoding = 4; lastKnownFileType = sourcecode.c.h; path = conf_api.h; sourceTree = "<group>"; };
		405FD5B81745DABE001F8AE7 /* crypto.h */ = {isa = PBXFileReference; fileEncoding = 4; lastKnownFileType = sourcecode.c.h; path = crypto.h; sourceTree = "<group>"; };
		405FD5B91745DABE001F8AE7 /* des.h */ = {isa = PBXFileReference; fileEncoding = 4; lastKnownFileType = sourcecode.c.h; path = des.h; sourceTree = "<group>"; };
		405FD5BA1745DABE001F8AE7 /* des_old.h */ = {isa = PBXFileReference; fileEncoding = 4; lastKnownFileType = sourcecode.c.h; path = des_old.h; sourceTree = "<group>"; };
		405FD5BB1745DABE001F8AE7 /* dh.h */ = {isa = PBXFileReference; fileEncoding = 4; lastKnownFileType = sourcecode.c.h; path = dh.h; sourceTree = "<group>"; };
		405FD5BC1745DABE001F8AE7 /* dsa.h */ = {isa = PBXFileReference; fileEncoding = 4; lastKnownFileType = sourcecode.c.h; path = dsa.h; sourceTree = "<group>"; };
		405FD5BD1745DABE001F8AE7 /* dso.h */ = {isa = PBXFileReference; fileEncoding = 4; lastKnownFileType = sourcecode.c.h; path = dso.h; sourceTree = "<group>"; };
		405FD5BE1745DABE001F8AE7 /* dtls1.h */ = {isa = PBXFileReference; fileEncoding = 4; lastKnownFileType = sourcecode.c.h; path = dtls1.h; sourceTree = "<group>"; };
		405FD5BF1745DABE001F8AE7 /* e_os2.h */ = {isa = PBXFileReference; fileEncoding = 4; lastKnownFileType = sourcecode.c.h; path = e_os2.h; sourceTree = "<group>"; };
		405FD5C01745DABE001F8AE7 /* ebcdic.h */ = {isa = PBXFileReference; fileEncoding = 4; lastKnownFileType = sourcecode.c.h; path = ebcdic.h; sourceTree = "<group>"; };
		405FD5C11745DABE001F8AE7 /* ec.h */ = {isa = PBXFileReference; fileEncoding = 4; lastKnownFileType = sourcecode.c.h; path = ec.h; sourceTree = "<group>"; };
		405FD5C21745DABE001F8AE7 /* ecdh.h */ = {isa = PBXFileReference; fileEncoding = 4; lastKnownFileType = sourcecode.c.h; path = ecdh.h; sourceTree = "<group>"; };
		405FD5C31745DABE001F8AE7 /* ecdsa.h */ = {isa = PBXFileReference; fileEncoding = 4; lastKnownFileType = sourcecode.c.h; path = ecdsa.h; sourceTree = "<group>"; };
		405FD5C41745DABE001F8AE7 /* engine.h */ = {isa = PBXFileReference; fileEncoding = 4; lastKnownFileType = sourcecode.c.h; path = engine.h; sourceTree = "<group>"; };
		405FD5C51745DABE001F8AE7 /* err.h */ = {isa = PBXFileReference; fileEncoding = 4; lastKnownFileType = sourcecode.c.h; path = err.h; sourceTree = "<group>"; };
		405FD5C61745DABE001F8AE7 /* evp.h */ = {isa = PBXFileReference; fileEncoding = 4; lastKnownFileType = sourcecode.c.h; path = evp.h; sourceTree = "<group>"; };
		405FD5C71745DABE001F8AE7 /* hmac.h */ = {isa = PBXFileReference; fileEncoding = 4; lastKnownFileType = sourcecode.c.h; path = hmac.h; sourceTree = "<group>"; };
		405FD5C81745DABE001F8AE7 /* idea.h */ = {isa = PBXFileReference; fileEncoding = 4; lastKnownFileType = sourcecode.c.h; path = idea.h; sourceTree = "<group>"; };
		405FD5C91745DABE001F8AE7 /* krb5_asn.h */ = {isa = PBXFileReference; fileEncoding = 4; lastKnownFileType = sourcecode.c.h; path = krb5_asn.h; sourceTree = "<group>"; };
		405FD5CA1745DABE001F8AE7 /* kssl.h */ = {isa = PBXFileReference; fileEncoding = 4; lastKnownFileType = sourcecode.c.h; path = kssl.h; sourceTree = "<group>"; };
		405FD5CB1745DABE001F8AE7 /* lhash.h */ = {isa = PBXFileReference; fileEncoding = 4; lastKnownFileType = sourcecode.c.h; path = lhash.h; sourceTree = "<group>"; };
		405FD5CC1745DABE001F8AE7 /* md4.h */ = {isa = PBXFileReference; fileEncoding = 4; lastKnownFileType = sourcecode.c.h; path = md4.h; sourceTree = "<group>"; };
		405FD5CD1745DABE001F8AE7 /* md5.h */ = {isa = PBXFileReference; fileEncoding = 4; lastKnownFileType = sourcecode.c.h; path = md5.h; sourceTree = "<group>"; };
		405FD5CE1745DABE001F8AE7 /* mdc2.h */ = {isa = PBXFileReference; fileEncoding = 4; lastKnownFileType = sourcecode.c.h; path = mdc2.h; sourceTree = "<group>"; };
		405FD5CF1745DABE001F8AE7 /* modes.h */ = {isa = PBXFileReference; fileEncoding = 4; lastKnownFileType = sourcecode.c.h; path = modes.h; sourceTree = "<group>"; };
		405FD5D01745DABE001F8AE7 /* obj_mac.h */ = {isa = PBXFileReference; fileEncoding = 4; lastKnownFileType = sourcecode.c.h; path = obj_mac.h; sourceTree = "<group>"; };
		405FD5D11745DABE001F8AE7 /* objects.h */ = {isa = PBXFileReference; fileEncoding = 4; lastKnownFileType = sourcecode.c.h; path = objects.h; sourceTree = "<group>"; };
		405FD5D21745DABE001F8AE7 /* ocsp.h */ = {isa = PBXFileReference; fileEncoding = 4; lastKnownFileType = sourcecode.c.h; path = ocsp.h; sourceTree = "<group>"; };
		405FD5D31745DABE001F8AE7 /* opensslconf.h */ = {isa = PBXFileReference; fileEncoding = 4; lastKnownFileType = sourcecode.c.h; path = opensslconf.h; sourceTree = "<group>"; };
		405FD5D41745DABE001F8AE7 /* opensslv.h */ = {isa = PBXFileReference; fileEncoding = 4; lastKnownFileType = sourcecode.c.h; path = opensslv.h; sourceTree = "<group>"; };
		405FD5D51745DABE001F8AE7 /* ossl_typ.h */ = {isa = PBXFileReference; fileEncoding = 4; lastKnownFileType = sourcecode.c.h; path = ossl_typ.h; sourceTree = "<group>"; };
		405FD5D61745DABE001F8AE7 /* pem.h */ = {isa = PBXFileReference; fileEncoding = 4; lastKnownFileType = sourcecode.c.h; path = pem.h; sourceTree = "<group>"; };
		405FD5D71745DABE001F8AE7 /* pem2.h */ = {isa = PBXFileReference; fileEncoding = 4; lastKnownFileType = sourcecode.c.h; path = pem2.h; sourceTree = "<group>"; };
		405FD5D81745DABE001F8AE7 /* pkcs12.h */ = {isa = PBXFileReference; fileEncoding = 4; lastKnownFileType = sourcecode.c.h; path = pkcs12.h; sourceTree = "<group>"; };
		405FD5D91745DABE001F8AE7 /* pkcs7.h */ = {isa = PBXFileReference; fileEncoding = 4; lastKnownFileType = sourcecode.c.h; path = pkcs7.h; sourceTree = "<group>"; };
		405FD5DA1745DABE001F8AE7 /* pqueue.h */ = {isa = PBXFileReference; fileEncoding = 4; lastKnownFileType = sourcecode.c.h; path = pqueue.h; sourceTree = "<group>"; };
		405FD5DB1745DABE001F8AE7 /* rand.h */ = {isa = PBXFileReference; fileEncoding = 4; lastKnownFileType = sourcecode.c.h; path = rand.h; sourceTree = "<group>"; };
		405FD5DC1745DABE001F8AE7 /* rc2.h */ = {isa = PBXFileReference; fileEncoding = 4; lastKnownFileType = sourcecode.c.h; path = rc2.h; sourceTree = "<group>"; };
		405FD5DD1745DABE001F8AE7 /* rc4.h */ = {isa = PBXFileReference; fileEncoding = 4; lastKnownFileType = sourcecode.c.h; path = rc4.h; sourceTree = "<group>"; };
		405FD5DE1745DABE001F8AE7 /* ripemd.h */ = {isa = PBXFileReference; fileEncoding = 4; lastKnownFileType = sourcecode.c.h; path = ripemd.h; sourceTree = "<group>"; };
		405FD5DF1745DABE001F8AE7 /* rsa.h */ = {isa = PBXFileReference; fileEncoding = 4; lastKnownFileType = sourcecode.c.h; path = rsa.h; sourceTree = "<group>"; };
		405FD5E01745DABE001F8AE7 /* safestack.h */ = {isa = PBXFileReference; fileEncoding = 4; lastKnownFileType = sourcecode.c.h; path = safestack.h; sourceTree = "<group>"; };
		405FD5E11745DABE001F8AE7 /* seed.h */ = {isa = PBXFileReference; fileEncoding = 4; lastKnownFileType = sourcecode.c.h; path = seed.h; sourceTree = "<group>"; };
		405FD5E21745DABE001F8AE7 /* sha.h */ = {isa = PBXFileReference; fileEncoding = 4; lastKnownFileType = sourcecode.c.h; path = sha.h; sourceTree = "<group>"; };
		405FD5E31745DABE001F8AE7 /* srp.h */ = {isa = PBXFileReference; fileEncoding = 4; lastKnownFileType = sourcecode.c.h; path = srp.h; sourceTree = "<group>"; };
		405FD5E41745DABE001F8AE7 /* srtp.h */ = {isa = PBXFileReference; fileEncoding = 4; lastKnownFileType = sourcecode.c.h; path = srtp.h; sourceTree = "<group>"; };
		405FD5E51745DABE001F8AE7 /* ssl.h */ = {isa = PBXFileReference; fileEncoding = 4; lastKnownFileType = sourcecode.c.h; path = ssl.h; sourceTree = "<group>"; };
		405FD5E61745DABE001F8AE7 /* ssl2.h */ = {isa = PBXFileReference; fileEncoding = 4; lastKnownFileType = sourcecode.c.h; path = ssl2.h; sourceTree = "<group>"; };
		405FD5E71745DABE001F8AE7 /* ssl23.h */ = {isa = PBXFileReference; fileEncoding = 4; lastKnownFileType = sourcecode.c.h; path = ssl23.h; sourceTree = "<group>"; };
		405FD5E81745DABE001F8AE7 /* ssl3.h */ = {isa = PBXFileReference; fileEncoding = 4; lastKnownFileType = sourcecode.c.h; path = ssl3.h; sourceTree = "<group>"; };
		405FD5E91745DABE001F8AE7 /* stack.h */ = {isa = PBXFileReference; fileEncoding = 4; lastKnownFileType = sourcecode.c.h; path = stack.h; sourceTree = "<group>"; };
		405FD5EA1745DABE001F8AE7 /* symhacks.h */ = {isa = PBXFileReference; fileEncoding = 4; lastKnownFileType = sourcecode.c.h; path = symhacks.h; sourceTree = "<group>"; };
		405FD5EB1745DABE001F8AE7 /* tls1.h */ = {isa = PBXFileReference; fileEncoding = 4; lastKnownFileType = sourcecode.c.h; path = tls1.h; sourceTree = "<group>"; };
		405FD5EC1745DABE001F8AE7 /* ts.h */ = {isa = PBXFileReference; fileEncoding = 4; lastKnownFileType = sourcecode.c.h; path = ts.h; sourceTree = "<group>"; };
		405FD5ED1745DABE001F8AE7 /* txt_db.h */ = {isa = PBXFileReference; fileEncoding = 4; lastKnownFileType = sourcecode.c.h; path = txt_db.h; sourceTree = "<group>"; };
		405FD5EE1745DABE001F8AE7 /* ui.h */ = {isa = PBXFileReference; fileEncoding = 4; lastKnownFileType = sourcecode.c.h; path = ui.h; sourceTree = "<group>"; };
		405FD5EF1745DABE001F8AE7 /* ui_compat.h */ = {isa = PBXFileReference; fileEncoding = 4; lastKnownFileType = sourcecode.c.h; path = ui_compat.h; sourceTree = "<group>"; };
		405FD5F01745DABE001F8AE7 /* whrlpool.h */ = {isa = PBXFileReference; fileEncoding = 4; lastKnownFileType = sourcecode.c.h; path = whrlpool.h; sourceTree = "<group>"; };
		405FD5F11745DABE001F8AE7 /* x509.h */ = {isa = PBXFileReference; fileEncoding = 4; lastKnownFileType = sourcecode.c.h; path = x509.h; sourceTree = "<group>"; };
		405FD5F21745DABE001F8AE7 /* x509_vfy.h */ = {isa = PBXFileReference; fileEncoding = 4; lastKnownFileType = sourcecode.c.h; path = x509_vfy.h; sourceTree = "<group>"; };
		405FD5F31745DABE001F8AE7 /* x509v3.h */ = {isa = PBXFileReference; fileEncoding = 4; lastKnownFileType = sourcecode.c.h; path = x509v3.h; sourceTree = "<group>"; };
		405FD5F61746BCD5001F8AE7 /* srp.c */ = {isa = PBXFileReference; fileEncoding = 4; lastKnownFileType = sourcecode.c.c; path = srp.c; sourceTree = "<group>"; };
		405FD5F71746BCD5001F8AE7 /* srp.h */ = {isa = PBXFileReference; fileEncoding = 4; lastKnownFileType = sourcecode.c.h; path = srp.h; sourceTree = "<group>"; };
		4079F9D9170EB31D00194B4A /* Specs.app */ = {isa = PBXFileReference; explicitFileType = wrapper.application; includeInIndex = 0; path = Specs.app; sourceTree = BUILT_PRODUCTS_DIR; };
		4079F9DA170EB31D00194B4A /* UIKit.framework */ = {isa = PBXFileReference; lastKnownFileType = wrapper.framework; name = UIKit.framework; path = System/Library/Frameworks/UIKit.framework; sourceTree = SDKROOT; };
		4079F9DD170EB31D00194B4A /* CoreGraphics.framework */ = {isa = PBXFileReference; lastKnownFileType = wrapper.framework; name = CoreGraphics.framework; path = System/Library/Frameworks/CoreGraphics.framework; sourceTree = SDKROOT; };
		4079F9E1170EB31D00194B4A /* Specs-Info.plist */ = {isa = PBXFileReference; lastKnownFileType = text.plist.xml; path = "Specs-Info.plist"; sourceTree = "<group>"; };
		4079F9E3170EB31D00194B4A /* en */ = {isa = PBXFileReference; lastKnownFileType = text.plist.strings; name = en; path = en.lproj/InfoPlist.strings; sourceTree = "<group>"; };
		4079F9E5170EB31D00194B4A /* main.m */ = {isa = PBXFileReference; lastKnownFileType = sourcecode.c.objc; path = main.m; sourceTree = "<group>"; };
		4079F9E7170EB31D00194B4A /* Specs-Prefix.pch */ = {isa = PBXFileReference; lastKnownFileType = sourcecode.c.h; path = "Specs-Prefix.pch"; sourceTree = "<group>"; };
		4079F9E8170EB31E00194B4A /* Cedar-iOS.framework */ = {isa = PBXFileReference; lastKnownFileType = wrapper.framework; name = "Cedar-iOS.framework"; path = "Specs/Frameworks/Cedar-iOS.framework"; sourceTree = "<group>"; };
		4079F9F6170EB3B000194B4A /* ObjectiveDDPSpec.mm */ = {isa = PBXFileReference; fileEncoding = 4; lastKnownFileType = sourcecode.cpp.objcpp; path = ObjectiveDDPSpec.mm; sourceTree = "<group>"; };
		40A305F2178D27E800546C1F /* Default-568h@2x.png */ = {isa = PBXFileReference; lastKnownFileType = image.png; path = "Default-568h@2x.png"; sourceTree = "<group>"; };
		40F8370E1741C62800AF2340 /* MeteorClientSpec.mm */ = {isa = PBXFileReference; fileEncoding = 4; lastKnownFileType = sourcecode.cpp.objcpp; path = MeteorClientSpec.mm; sourceTree = "<group>"; };
		430E02ACD0BC78CC53F31D72 /* MockSRWebSocket.m */ = {isa = PBXFileReference; fileEncoding = 4; lastKnownFileType = sourcecode.c.objc; path = MockSRWebSocket.m; sourceTree = "<group>"; };
		430E092B95390D2D558E5F3B /* MockObjectiveDDPDelegate.m */ = {isa = PBXFileReference; fileEncoding = 4; lastKnownFileType = sourcecode.c.objc; path = MockObjectiveDDPDelegate.m; sourceTree = "<group>"; };
		430E0AEA2F4C48D01B0BC222 /* MockSRWebSocket.h */ = {isa = PBXFileReference; fileEncoding = 4; lastKnownFileType = sourcecode.c.h; path = MockSRWebSocket.h; sourceTree = "<group>"; };
		430E0F1E6C3E7422A8791E24 /* MockObjectiveDDPDelegate.h */ = {isa = PBXFileReference; fileEncoding = 4; lastKnownFileType = sourcecode.c.h; path = MockObjectiveDDPDelegate.h; sourceTree = "<group>"; };
		5286FA1887BC49AFB425645B /* Pods.xcconfig */ = {isa = PBXFileReference; includeInIndex = 1; lastKnownFileType = text.xcconfig; name = Pods.xcconfig; path = Pods/Pods.xcconfig; sourceTree = SOURCE_ROOT; };
		888B6DFA173B6508001EED80 /* MeteorClient.h */ = {isa = PBXFileReference; fileEncoding = 4; lastKnownFileType = sourcecode.c.h; path = MeteorClient.h; sourceTree = "<group>"; };
		888B6DFB173B6508001EED80 /* MeteorClient.m */ = {isa = PBXFileReference; fileEncoding = 4; lastKnownFileType = sourcecode.c.objc; path = MeteorClient.m; sourceTree = "<group>"; };
		888B6DFD173B66EA001EED80 /* BSONIdGenerator.h */ = {isa = PBXFileReference; fileEncoding = 4; lastKnownFileType = sourcecode.c.h; path = BSONIdGenerator.h; sourceTree = "<group>"; };
		888B6DFE173B66EA001EED80 /* BSONIdGenerator.m */ = {isa = PBXFileReference; fileEncoding = 4; lastKnownFileType = sourcecode.c.objc; path = BSONIdGenerator.m; sourceTree = "<group>"; };
/* End PBXFileReference section */

/* Begin PBXFrameworksBuildPhase section */
		4000D633170E880400296229 /* Frameworks */ = {
			isa = PBXFrameworksBuildPhase;
			buildActionMask = 2147483647;
			files = (
				401AEB84170E9EEB008B38EA /* Security.framework in Frameworks */,
				401AEB82170E9ED2008B38EA /* CFNetwork.framework in Frameworks */,
				401AEB80170E9ECC008B38EA /* SystemConfiguration.framework in Frameworks */,
				4000D63A170E880400296229 /* Foundation.framework in Frameworks */,
				401AEB7E170E9EC7008B38EA /* libicucore.dylib in Frameworks */,
				9D3C062D54114FB1AC5700F0 /* libPods.a in Frameworks */,
			);
			runOnlyForDeploymentPostprocessing = 0;
		};
		4079F9D6170EB31D00194B4A /* Frameworks */ = {
			isa = PBXFrameworksBuildPhase;
			buildActionMask = 2147483647;
			files = (
				4079F9F4170EB36700194B4A /* libicucore.dylib in Frameworks */,
				4079F9F3170EB36000194B4A /* SystemConfiguration.framework in Frameworks */,
				4079F9F2170EB35800194B4A /* CFNetwork.framework in Frameworks */,
				4079F9F1170EB35200194B4A /* Security.framework in Frameworks */,
				4079F9DB170EB31D00194B4A /* UIKit.framework in Frameworks */,
				4079F9DC170EB31D00194B4A /* Foundation.framework in Frameworks */,
				4079F9DE170EB31D00194B4A /* CoreGraphics.framework in Frameworks */,
				4079F9E9170EB31E00194B4A /* Cedar-iOS.framework in Frameworks */,
				570DE62F4BD74C18AE51ED8C /* libPods.a in Frameworks */,
			);
			runOnlyForDeploymentPostprocessing = 0;
		};
/* End PBXFrameworksBuildPhase section */

/* Begin PBXGroup section */
		4000D62D170E880400296229 = {
			isa = PBXGroup;
			children = (
				40A305F2178D27E800546C1F /* Default-568h@2x.png */,
				4000D63B170E880400296229 /* ObjectiveDDP */,
				4079F9DF170EB31D00194B4A /* Specs */,
				4000D638170E880400296229 /* Frameworks */,
				4000D637170E880400296229 /* Products */,
			);
			sourceTree = "<group>";
		};
		4000D637170E880400296229 /* Products */ = {
			isa = PBXGroup;
			children = (
				4000D636170E880400296229 /* libObjectiveDDP.a */,
				4079F9D9170EB31D00194B4A /* Specs.app */,
			);
			name = Products;
			sourceTree = "<group>";
		};
		4000D638170E880400296229 /* Frameworks */ = {
			isa = PBXGroup;
			children = (
				405FD5A71745DABE001F8AE7 /* libcrypto.a */,
				2C1F0C9084EA4B2DBD349673 /* libPods.a */,
				401AEB7D170E9EC7008B38EA /* libicucore.dylib */,
				4079F9DD170EB31D00194B4A /* CoreGraphics.framework */,
				4079F9E8170EB31E00194B4A /* Cedar-iOS.framework */,
				401AEB83170E9EEB008B38EA /* Security.framework */,
				401AEB81170E9ED2008B38EA /* CFNetwork.framework */,
				401AEB7F170E9ECC008B38EA /* SystemConfiguration.framework */,
				4000D639170E880400296229 /* Foundation.framework */,
				4079F9DA170EB31D00194B4A /* UIKit.framework */,
				2C1F0C9084EA4B2DBD349673 /* libPods.a */,
			);
			name = Frameworks;
			sourceTree = "<group>";
		};
		4000D63B170E880400296229 /* ObjectiveDDP */ = {
			isa = PBXGroup;
			children = (
				888B6DFD173B66EA001EED80 /* BSONIdGenerator.h */,
				888B6DFE173B66EA001EED80 /* BSONIdGenerator.m */,
				888B6DFA173B6508001EED80 /* MeteorClient.h */,
				888B6DFB173B6508001EED80 /* MeteorClient.m */,
				4000D63E170E880400296229 /* ObjectiveDDP.h */,
				4000D640170E880400296229 /* ObjectiveDDP.m */,
				405FD5F51746BCD5001F8AE7 /* srp */,
				405FD5A81745DABE001F8AE7 /* openssl */,
				4000D63C170E880400296229 /* Supporting Files */,
			);
			path = ObjectiveDDP;
			sourceTree = "<group>";
		};
		4000D63C170E880400296229 /* Supporting Files */ = {
			isa = PBXGroup;
			children = (
				5286FA1887BC49AFB425645B /* Pods.xcconfig */,
				4000D63D170E880400296229 /* ObjectiveDDP-Prefix.pch */,
			);
			name = "Supporting Files";
			sourceTree = "<group>";
		};
		405FD5A81745DABE001F8AE7 /* openssl */ = {
			isa = PBXGroup;
			children = (
				405FD5A91745DABE001F8AE7 /* aes.h */,
				405FD5AA1745DABE001F8AE7 /* asn1.h */,
				405FD5AB1745DABE001F8AE7 /* asn1_mac.h */,
				405FD5AC1745DABE001F8AE7 /* asn1t.h */,
				405FD5AD1745DABE001F8AE7 /* bio.h */,
				405FD5AE1745DABE001F8AE7 /* blowfish.h */,
				405FD5AF1745DABE001F8AE7 /* bn.h */,
				405FD5B01745DABE001F8AE7 /* buffer.h */,
				405FD5B11745DABE001F8AE7 /* camellia.h */,
				405FD5B21745DABE001F8AE7 /* cast.h */,
				405FD5B31745DABE001F8AE7 /* cmac.h */,
				405FD5B41745DABE001F8AE7 /* cms.h */,
				405FD5B51745DABE001F8AE7 /* comp.h */,
				405FD5B61745DABE001F8AE7 /* conf.h */,
				405FD5B71745DABE001F8AE7 /* conf_api.h */,
				405FD5B81745DABE001F8AE7 /* crypto.h */,
				405FD5B91745DABE001F8AE7 /* des.h */,
				405FD5BA1745DABE001F8AE7 /* des_old.h */,
				405FD5BB1745DABE001F8AE7 /* dh.h */,
				405FD5BC1745DABE001F8AE7 /* dsa.h */,
				405FD5BD1745DABE001F8AE7 /* dso.h */,
				405FD5BE1745DABE001F8AE7 /* dtls1.h */,
				405FD5BF1745DABE001F8AE7 /* e_os2.h */,
				405FD5C01745DABE001F8AE7 /* ebcdic.h */,
				405FD5C11745DABE001F8AE7 /* ec.h */,
				405FD5C21745DABE001F8AE7 /* ecdh.h */,
				405FD5C31745DABE001F8AE7 /* ecdsa.h */,
				405FD5C41745DABE001F8AE7 /* engine.h */,
				405FD5C51745DABE001F8AE7 /* err.h */,
				405FD5C61745DABE001F8AE7 /* evp.h */,
				405FD5C71745DABE001F8AE7 /* hmac.h */,
				405FD5C81745DABE001F8AE7 /* idea.h */,
				405FD5C91745DABE001F8AE7 /* krb5_asn.h */,
				405FD5CA1745DABE001F8AE7 /* kssl.h */,
				405FD5CB1745DABE001F8AE7 /* lhash.h */,
				405FD5CC1745DABE001F8AE7 /* md4.h */,
				405FD5CD1745DABE001F8AE7 /* md5.h */,
				405FD5CE1745DABE001F8AE7 /* mdc2.h */,
				405FD5CF1745DABE001F8AE7 /* modes.h */,
				405FD5D01745DABE001F8AE7 /* obj_mac.h */,
				405FD5D11745DABE001F8AE7 /* objects.h */,
				405FD5D21745DABE001F8AE7 /* ocsp.h */,
				405FD5D31745DABE001F8AE7 /* opensslconf.h */,
				405FD5D41745DABE001F8AE7 /* opensslv.h */,
				405FD5D51745DABE001F8AE7 /* ossl_typ.h */,
				405FD5D61745DABE001F8AE7 /* pem.h */,
				405FD5D71745DABE001F8AE7 /* pem2.h */,
				405FD5D81745DABE001F8AE7 /* pkcs12.h */,
				405FD5D91745DABE001F8AE7 /* pkcs7.h */,
				405FD5DA1745DABE001F8AE7 /* pqueue.h */,
				405FD5DB1745DABE001F8AE7 /* rand.h */,
				405FD5DC1745DABE001F8AE7 /* rc2.h */,
				405FD5DD1745DABE001F8AE7 /* rc4.h */,
				405FD5DE1745DABE001F8AE7 /* ripemd.h */,
				405FD5DF1745DABE001F8AE7 /* rsa.h */,
				405FD5E01745DABE001F8AE7 /* safestack.h */,
				405FD5E11745DABE001F8AE7 /* seed.h */,
				405FD5E21745DABE001F8AE7 /* sha.h */,
				405FD5E31745DABE001F8AE7 /* srp.h */,
				405FD5E41745DABE001F8AE7 /* srtp.h */,
				405FD5E51745DABE001F8AE7 /* ssl.h */,
				405FD5E61745DABE001F8AE7 /* ssl2.h */,
				405FD5E71745DABE001F8AE7 /* ssl23.h */,
				405FD5E81745DABE001F8AE7 /* ssl3.h */,
				405FD5E91745DABE001F8AE7 /* stack.h */,
				405FD5EA1745DABE001F8AE7 /* symhacks.h */,
				405FD5EB1745DABE001F8AE7 /* tls1.h */,
				405FD5EC1745DABE001F8AE7 /* ts.h */,
				405FD5ED1745DABE001F8AE7 /* txt_db.h */,
				405FD5EE1745DABE001F8AE7 /* ui.h */,
				405FD5EF1745DABE001F8AE7 /* ui_compat.h */,
				405FD5F01745DABE001F8AE7 /* whrlpool.h */,
				405FD5F11745DABE001F8AE7 /* x509.h */,
				405FD5F21745DABE001F8AE7 /* x509_vfy.h */,
				405FD5F31745DABE001F8AE7 /* x509v3.h */,
			);
			path = openssl;
			sourceTree = "<group>";
		};
		405FD5F51746BCD5001F8AE7 /* srp */ = {
			isa = PBXGroup;
			children = (
				405FD5F71746BCD5001F8AE7 /* srp.h */,
				405FD5F61746BCD5001F8AE7 /* srp.c */,
			);
			path = srp;
			sourceTree = "<group>";
		};
		4079F9DF170EB31D00194B4A /* Specs */ = {
			isa = PBXGroup;
			children = (
				40F8370E1741C62800AF2340 /* MeteorClientSpec.mm */,
				4079F9F6170EB3B000194B4A /* ObjectiveDDPSpec.mm */,
				430E092A40EC4FAED3B6C76B /* Mocks */,
				4079F9E0170EB31D00194B4A /* Supporting Files */,
			);
			path = Specs;
			sourceTree = "<group>";
		};
		4079F9E0170EB31D00194B4A /* Supporting Files */ = {
			isa = PBXGroup;
			children = (
				2459525257B94E909C3CA1DF /* Pods.xcconfig */,
				4079F9E1170EB31D00194B4A /* Specs-Info.plist */,
				4079F9E2170EB31D00194B4A /* InfoPlist.strings */,
				4079F9E5170EB31D00194B4A /* main.m */,
				4079F9E7170EB31D00194B4A /* Specs-Prefix.pch */,
			);
			name = "Supporting Files";
			sourceTree = "<group>";
		};
		430E092A40EC4FAED3B6C76B /* Mocks */ = {
			isa = PBXGroup;
			children = (
				430E0AEA2F4C48D01B0BC222 /* MockSRWebSocket.h */,
				430E092B95390D2D558E5F3B /* MockObjectiveDDPDelegate.m */,
				430E02ACD0BC78CC53F31D72 /* MockSRWebSocket.m */,
				430E0F1E6C3E7422A8791E24 /* MockObjectiveDDPDelegate.h */,
			);
			path = Mocks;
			sourceTree = "<group>";
		};
/* End PBXGroup section */

/* Begin PBXNativeTarget section */
		4000D635170E880400296229 /* ObjectiveDDP */ = {
			isa = PBXNativeTarget;
			buildConfigurationList = 4000D644170E880400296229 /* Build configuration list for PBXNativeTarget "ObjectiveDDP" */;
			buildPhases = (
				4000D632170E880400296229 /* Sources */,
				4000D633170E880400296229 /* Frameworks */,
				4000D634170E880400296229 /* CopyFiles */,
				648CA590930A4D87BE530DBD /* Copy Pods Resources */,
			);
			buildRules = (
			);
			dependencies = (
			);
			name = ObjectiveDDP;
			productName = ObjectiveDDP;
			productReference = 4000D636170E880400296229 /* libObjectiveDDP.a */;
			productType = "com.apple.product-type.library.static";
		};
		4079F9D8170EB31D00194B4A /* Specs */ = {
			isa = PBXNativeTarget;
			buildConfigurationList = 4079F9EC170EB31E00194B4A /* Build configuration list for PBXNativeTarget "Specs" */;
			buildPhases = (
				4079F9D5170EB31D00194B4A /* Sources */,
				4079F9D6170EB31D00194B4A /* Frameworks */,
				4079F9D7170EB31D00194B4A /* Resources */,
				063296B82B464E808F5E3E74 /* Copy Pods Resources */,
			);
			buildRules = (
			);
			dependencies = (
			);
			name = Specs;
			productName = Specs;
			productReference = 4079F9D9170EB31D00194B4A /* Specs.app */;
			productType = "com.apple.product-type.application";
		};
/* End PBXNativeTarget section */

/* Begin PBXProject section */
		4000D62E170E880400296229 /* Project object */ = {
			isa = PBXProject;
			attributes = {
				LastUpgradeCheck = 0460;
				ORGANIZATIONNAME = Rebounds;
			};
			buildConfigurationList = 4000D631170E880400296229 /* Build configuration list for PBXProject "ObjectiveDDP" */;
			compatibilityVersion = "Xcode 3.2";
			developmentRegion = English;
			hasScannedForEncodings = 0;
			knownRegions = (
				en,
			);
			mainGroup = 4000D62D170E880400296229;
			productRefGroup = 4000D637170E880400296229 /* Products */;
			projectDirPath = "";
			projectRoot = "";
			targets = (
				4000D635170E880400296229 /* ObjectiveDDP */,
				4079F9D8170EB31D00194B4A /* Specs */,
			);
		};
/* End PBXProject section */

/* Begin PBXResourcesBuildPhase section */
		4079F9D7170EB31D00194B4A /* Resources */ = {
			isa = PBXResourcesBuildPhase;
			buildActionMask = 2147483647;
			files = (
				4079F9E4170EB31D00194B4A /* InfoPlist.strings in Resources */,
				40A305F3178D27E800546C1F /* Default-568h@2x.png in Resources */,
			);
			runOnlyForDeploymentPostprocessing = 0;
		};
/* End PBXResourcesBuildPhase section */

/* Begin PBXShellScriptBuildPhase section */
		063296B82B464E808F5E3E74 /* Copy Pods Resources */ = {
			isa = PBXShellScriptBuildPhase;
			buildActionMask = 2147483647;
			files = (
			);
			inputPaths = (
			);
			name = "Copy Pods Resources";
			outputPaths = (
			);
			runOnlyForDeploymentPostprocessing = 0;
			shellPath = /bin/sh;
			shellScript = "\"${SRCROOT}/Pods/Pods-resources.sh\"\n";
		};
		648CA590930A4D87BE530DBD /* Copy Pods Resources */ = {
			isa = PBXShellScriptBuildPhase;
			buildActionMask = 2147483647;
			files = (
			);
			inputPaths = (
			);
			name = "Copy Pods Resources";
			outputPaths = (
			);
			runOnlyForDeploymentPostprocessing = 0;
			shellPath = /bin/sh;
			shellScript = "\"${SRCROOT}/Pods/Pods-resources.sh\"\n";
		};
/* End PBXShellScriptBuildPhase section */

/* Begin PBXSourcesBuildPhase section */
		4000D632170E880400296229 /* Sources */ = {
			isa = PBXSourcesBuildPhase;
			buildActionMask = 2147483647;
			files = (
				4000D641170E880400296229 /* ObjectiveDDP.m in Sources */,
				888B6DFC173B6508001EED80 /* MeteorClient.m in Sources */,
				888B6DFF173B66EA001EED80 /* BSONIdGenerator.m in Sources */,
			);
			runOnlyForDeploymentPostprocessing = 0;
		};
		4079F9D5170EB31D00194B4A /* Sources */ = {
			isa = PBXSourcesBuildPhase;
			buildActionMask = 2147483647;
			files = (
				40F8370C1741C59700AF2340 /* BSONIdGenerator.m in Sources */,
				40F8370D1741C59700AF2340 /* MeteorClient.m in Sources */,
				4079F9F5170EB39200194B4A /* ObjectiveDDP.m in Sources */,
				4079F9E6170EB31D00194B4A /* main.m in Sources */,
				4079F9F7170EB3B000194B4A /* ObjectiveDDPSpec.mm in Sources */,
				430E08B6E86CA801EE954D0F /* MockObjectiveDDPDelegate.m in Sources */,
				430E014E41C9666E08613FCE /* MockSRWebSocket.m in Sources */,
				40F8370F1741C62800AF2340 /* MeteorClientSpec.mm in Sources */,
				4027EDE21783E1F400CAEC1C /* srp.c in Sources */,
			);
			runOnlyForDeploymentPostprocessing = 0;
		};
/* End PBXSourcesBuildPhase section */

/* Begin PBXVariantGroup section */
		4079F9E2170EB31D00194B4A /* InfoPlist.strings */ = {
			isa = PBXVariantGroup;
			children = (
				4079F9E3170EB31D00194B4A /* en */,
			);
			name = InfoPlist.strings;
			sourceTree = "<group>";
		};
/* End PBXVariantGroup section */

/* Begin XCBuildConfiguration section */
		4000D642170E880400296229 /* Debug */ = {
			isa = XCBuildConfiguration;
			buildSettings = {
				ALWAYS_SEARCH_USER_PATHS = NO;
				CLANG_CXX_LANGUAGE_STANDARD = "gnu++0x";
				CLANG_CXX_LIBRARY = "libc++";
				CLANG_ENABLE_OBJC_ARC = YES;
				CLANG_WARN_CONSTANT_CONVERSION = YES;
				CLANG_WARN_EMPTY_BODY = YES;
				CLANG_WARN_ENUM_CONVERSION = YES;
				CLANG_WARN_INT_CONVERSION = YES;
				CLANG_WARN__DUPLICATE_METHOD_MATCH = YES;
				COPY_PHASE_STRIP = NO;
				GCC_C_LANGUAGE_STANDARD = gnu99;
				GCC_DYNAMIC_NO_PIC = NO;
				GCC_OPTIMIZATION_LEVEL = 0;
				GCC_PREPROCESSOR_DEFINITIONS = (
					"DEBUG=1",
					"$(inherited)",
				);
				GCC_SYMBOLS_PRIVATE_EXTERN = NO;
				GCC_WARN_ABOUT_RETURN_TYPE = YES;
				GCC_WARN_UNINITIALIZED_AUTOS = YES;
				GCC_WARN_UNUSED_VARIABLE = YES;
				IPHONEOS_DEPLOYMENT_TARGET = 6.1;
				ONLY_ACTIVE_ARCH = YES;
				SDKROOT = iphoneos;
			};
			name = Debug;
		};
		4000D643170E880400296229 /* Release */ = {
			isa = XCBuildConfiguration;
			buildSettings = {
				ALWAYS_SEARCH_USER_PATHS = NO;
				CLANG_CXX_LANGUAGE_STANDARD = "gnu++0x";
				CLANG_CXX_LIBRARY = "libc++";
				CLANG_ENABLE_OBJC_ARC = YES;
				CLANG_WARN_CONSTANT_CONVERSION = YES;
				CLANG_WARN_EMPTY_BODY = YES;
				CLANG_WARN_ENUM_CONVERSION = YES;
				CLANG_WARN_INT_CONVERSION = YES;
				CLANG_WARN__DUPLICATE_METHOD_MATCH = YES;
				COPY_PHASE_STRIP = YES;
				GCC_C_LANGUAGE_STANDARD = gnu99;
				GCC_WARN_ABOUT_RETURN_TYPE = YES;
				GCC_WARN_UNINITIALIZED_AUTOS = YES;
				GCC_WARN_UNUSED_VARIABLE = YES;
				IPHONEOS_DEPLOYMENT_TARGET = 6.1;
				SDKROOT = iphoneos;
				VALIDATE_PRODUCT = YES;
			};
			name = Release;
		};
		4000D645170E880400296229 /* Debug */ = {
			isa = XCBuildConfiguration;
			baseConfigurationReference = 5286FA1887BC49AFB425645B /* Pods.xcconfig */;
			buildSettings = {
				DSTROOT = /tmp/ObjectiveDDP.dst;
				GCC_PRECOMPILE_PREFIX_HEADER = YES;
				GCC_PREFIX_HEADER = "ObjectiveDDP/ObjectiveDDP-Prefix.pch";
				HEADER_SEARCH_PATHS = "${PODS_HEADERS_SEARCH_PATHS}";
				LIBRARY_SEARCH_PATHS = (
					"$(inherited)",
					"\"$(SDKROOT)/usr/lib/system\"",
					"\"$(SRCROOT)/ObjectiveDDP\"",
				);
				OTHER_LDFLAGS = "-ObjC";
				PRODUCT_NAME = "$(TARGET_NAME)";
				SKIP_INSTALL = YES;
			};
			name = Debug;
		};
		4000D646170E880400296229 /* Release */ = {
			isa = XCBuildConfiguration;
			baseConfigurationReference = 5286FA1887BC49AFB425645B /* Pods.xcconfig */;
			buildSettings = {
				DSTROOT = /tmp/ObjectiveDDP.dst;
				GCC_PRECOMPILE_PREFIX_HEADER = YES;
				GCC_PREFIX_HEADER = "ObjectiveDDP/ObjectiveDDP-Prefix.pch";
				HEADER_SEARCH_PATHS = "${PODS_HEADERS_SEARCH_PATHS}";
				LIBRARY_SEARCH_PATHS = (
					"$(inherited)",
					"\"$(SDKROOT)/usr/lib/system\"",
					"\"$(SRCROOT)/ObjectiveDDP\"",
				);
				OTHER_LDFLAGS = "-ObjC";
				PRODUCT_NAME = "$(TARGET_NAME)";
				SKIP_INSTALL = YES;
			};
			name = Release;
		};
		4079F9ED170EB31E00194B4A /* Debug */ = {
			isa = XCBuildConfiguration;
			baseConfigurationReference = 2459525257B94E909C3CA1DF /* Pods.xcconfig */;
			buildSettings = {
				"CODE_SIGN_IDENTITY[sdk=iphoneos*]" = "iPhone Developer";
				FRAMEWORK_SEARCH_PATHS = (
					"$(inherited)",
					"\"$(SRCROOT)/Specs/Frameworks\"",
				);
				GCC_PRECOMPILE_PREFIX_HEADER = YES;
				GCC_PREFIX_HEADER = "Specs/Specs-Prefix.pch";
				HEADER_SEARCH_PATHS = "${PODS_HEADERS_SEARCH_PATHS}";
				INFOPLIST_FILE = "Specs/Specs-Info.plist";
				LIBRARY_SEARCH_PATHS = (
					"$(inherited)",
					"\"$(SRCROOT)/ObjectiveDDP\"",
				);
				OTHER_LDFLAGS = (
					"-ObjC",
					"-all_load",
					"-lstdc++",
					"-lcrypto",
				);
				PRODUCT_NAME = "$(TARGET_NAME)";
				WRAPPER_EXTENSION = app;
			};
			name = Debug;
		};
		4079F9EE170EB31E00194B4A /* Release */ = {
			isa = XCBuildConfiguration;
			baseConfigurationReference = 2459525257B94E909C3CA1DF /* Pods.xcconfig */;
			buildSettings = {
				"CODE_SIGN_IDENTITY[sdk=iphoneos*]" = "iPhone Developer";
				FRAMEWORK_SEARCH_PATHS = (
					"$(inherited)",
					"\"$(SRCROOT)/Specs/Frameworks\"",
				);
				GCC_PRECOMPILE_PREFIX_HEADER = YES;
				GCC_PREFIX_HEADER = "Specs/Specs-Prefix.pch";
				HEADER_SEARCH_PATHS = "${PODS_HEADERS_SEARCH_PATHS}";
				INFOPLIST_FILE = "Specs/Specs-Info.plist";
				LIBRARY_SEARCH_PATHS = (
					"$(inherited)",
					"\"$(SRCROOT)/ObjectiveDDP\"",
				);
				OTHER_CFLAGS = "-DNS_BLOCK_ASSERTIONS=1";
				OTHER_LDFLAGS = (
					"-ObjC",
					"-all_load",
					"-lstdc++",
					"-lcrypto",
				);
				PRODUCT_NAME = "$(TARGET_NAME)";
				WRAPPER_EXTENSION = app;
			};
			name = Release;
		};
/* End XCBuildConfiguration section */

/* Begin XCConfigurationList section */
		4000D631170E880400296229 /* Build configuration list for PBXProject "ObjectiveDDP" */ = {
			isa = XCConfigurationList;
			buildConfigurations = (
				4000D642170E880400296229 /* Debug */,
				4000D643170E880400296229 /* Release */,
			);
			defaultConfigurationIsVisible = 0;
			defaultConfigurationName = Release;
		};
		4000D644170E880400296229 /* Build configuration list for PBXNativeTarget "ObjectiveDDP" */ = {
			isa = XCConfigurationList;
			buildConfigurations = (
				4000D645170E880400296229 /* Debug */,
				4000D646170E880400296229 /* Release */,
			);
			defaultConfigurationIsVisible = 0;
			defaultConfigurationName = Release;
		};
		4079F9EC170EB31E00194B4A /* Build configuration list for PBXNativeTarget "Specs" */ = {
			isa = XCConfigurationList;
			buildConfigurations = (
				4079F9ED170EB31E00194B4A /* Debug */,
				4079F9EE170EB31E00194B4A /* Release */,
			);
			defaultConfigurationIsVisible = 0;
			defaultConfigurationName = Release;
		};
/* End XCConfigurationList section */
	};
	rootObject = 4000D62E170E880400296229 /* Project object */;
}
