// !$*UTF8*$!
{
	archiveVersion = 1;
	classes = {
	};
	objectVersion = 46;
	objects = {

/* Begin PBXBuildFile section */
		4000D63A170E880400296229 /* Foundation.framework in Frameworks */ = {isa = PBXBuildFile; fileRef = 4000D639170E880400296229 /* Foundation.framework */; };
		4000D63F170E880400296229 /* ObjectiveDDP.h in CopyFiles */ = {isa = PBXBuildFile; fileRef = 4000D63E170E880400296229 /* ObjectiveDDP.h */; };
		4000D641170E880400296229 /* ObjectiveDDP.m in Sources */ = {isa = PBXBuildFile; fileRef = 4000D640170E880400296229 /* ObjectiveDDP.m */; };
		4011C80417BD2AA6002AA28E /* DependencyProvider.m in Sources */ = {isa = PBXBuildFile; fileRef = 4011C80317BD2AA6002AA28E /* DependencyProvider.m */; };
		4011C80517BD2AA6002AA28E /* DependencyProvider.m in Sources */ = {isa = PBXBuildFile; fileRef = 4011C80317BD2AA6002AA28E /* DependencyProvider.m */; };
		4011C80817BD2C06002AA28E /* FakeDependencyProvider.m in Sources */ = {isa = PBXBuildFile; fileRef = 4011C80717BD2C06002AA28E /* FakeDependencyProvider.m */; };
		4011C80B17BD2CA1002AA28E /* DDPSpecHelper.m in Sources */ = {isa = PBXBuildFile; fileRef = 4011C80A17BD2CA1002AA28E /* DDPSpecHelper.m */; settings = {COMPILER_FLAGS = "-fno-objc-arc"; }; };
		4011C80E17BD2E14002AA28E /* DependencyProvider+Spec.m in Sources */ = {isa = PBXBuildFile; fileRef = 4011C80D17BD2E14002AA28E /* DependencyProvider+Spec.m */; };
		401AEB7E170E9EC7008B38EA /* libicucore.dylib in Frameworks */ = {isa = PBXBuildFile; fileRef = 401AEB7D170E9EC7008B38EA /* libicucore.dylib */; };
		401AEB80170E9ECC008B38EA /* SystemConfiguration.framework in Frameworks */ = {isa = PBXBuildFile; fileRef = 401AEB7F170E9ECC008B38EA /* SystemConfiguration.framework */; };
		401AEB82170E9ED2008B38EA /* CFNetwork.framework in Frameworks */ = {isa = PBXBuildFile; fileRef = 401AEB81170E9ED2008B38EA /* CFNetwork.framework */; };
		401AEB84170E9EEB008B38EA /* Security.framework in Frameworks */ = {isa = PBXBuildFile; fileRef = 401AEB83170E9EEB008B38EA /* Security.framework */; };
		4079F9DB170EB31D00194B4A /* UIKit.framework in Frameworks */ = {isa = PBXBuildFile; fileRef = 4079F9DA170EB31D00194B4A /* UIKit.framework */; };
		4079F9DC170EB31D00194B4A /* Foundation.framework in Frameworks */ = {isa = PBXBuildFile; fileRef = 4000D639170E880400296229 /* Foundation.framework */; };
		4079F9DE170EB31D00194B4A /* CoreGraphics.framework in Frameworks */ = {isa = PBXBuildFile; fileRef = 4079F9DD170EB31D00194B4A /* CoreGraphics.framework */; };
		4079F9E4170EB31D00194B4A /* InfoPlist.strings in Resources */ = {isa = PBXBuildFile; fileRef = 4079F9E2170EB31D00194B4A /* InfoPlist.strings */; };
		4079F9E6170EB31D00194B4A /* main.m in Sources */ = {isa = PBXBuildFile; fileRef = 4079F9E5170EB31D00194B4A /* main.m */; };
		4079F9F1170EB35200194B4A /* Security.framework in Frameworks */ = {isa = PBXBuildFile; fileRef = 401AEB83170E9EEB008B38EA /* Security.framework */; };
		4079F9F2170EB35800194B4A /* CFNetwork.framework in Frameworks */ = {isa = PBXBuildFile; fileRef = 401AEB81170E9ED2008B38EA /* CFNetwork.framework */; };
		4079F9F3170EB36000194B4A /* SystemConfiguration.framework in Frameworks */ = {isa = PBXBuildFile; fileRef = 401AEB7F170E9ECC008B38EA /* SystemConfiguration.framework */; };
		4079F9F4170EB36700194B4A /* libicucore.dylib in Frameworks */ = {isa = PBXBuildFile; fileRef = 401AEB7D170E9EC7008B38EA /* libicucore.dylib */; };
		4079F9F5170EB39200194B4A /* ObjectiveDDP.m in Sources */ = {isa = PBXBuildFile; fileRef = 4000D640170E880400296229 /* ObjectiveDDP.m */; };
		4079F9F7170EB3B000194B4A /* ObjectiveDDPSpec.mm in Sources */ = {isa = PBXBuildFile; fileRef = 4079F9F6170EB3B000194B4A /* ObjectiveDDPSpec.mm */; settings = {COMPILER_FLAGS = "-fno-objc-arc"; }; };
		40A305F3178D27E800546C1F /* Default-568h@2x.png in Resources */ = {isa = PBXBuildFile; fileRef = 40A305F2178D27E800546C1F /* Default-568h@2x.png */; };
		40BAB8CD181EFE550098524C /* NSObject+Spec.m in Sources */ = {isa = PBXBuildFile; fileRef = 40BAB8CC181EFE550098524C /* NSObject+Spec.m */; };
		40BAB8D0182051500098524C /* MeteorClient+Parsing.m in Sources */ = {isa = PBXBuildFile; fileRef = 40BAB8CF182051500098524C /* MeteorClient+Parsing.m */; };
		40BAB8D1182051500098524C /* MeteorClient+Parsing.m in Sources */ = {isa = PBXBuildFile; fileRef = 40BAB8CF182051500098524C /* MeteorClient+Parsing.m */; };
		40F8370C1741C59700AF2340 /* BSONIdGenerator.m in Sources */ = {isa = PBXBuildFile; fileRef = 888B6DFE173B66EA001EED80 /* BSONIdGenerator.m */; };
		40F8370D1741C59700AF2340 /* MeteorClient.m in Sources */ = {isa = PBXBuildFile; fileRef = 888B6DFB173B6508001EED80 /* MeteorClient.m */; };
		40F8370F1741C62800AF2340 /* MeteorClientSpec.mm in Sources */ = {isa = PBXBuildFile; fileRef = 40F8370E1741C62800AF2340 /* MeteorClientSpec.mm */; settings = {COMPILER_FLAGS = "-fno-objc-arc"; }; };
		430E014E41C9666E08613FCE /* MockSRWebSocket.m in Sources */ = {isa = PBXBuildFile; fileRef = 430E02ACD0BC78CC53F31D72 /* MockSRWebSocket.m */; };
		430E08B6E86CA801EE954D0F /* MockObjectiveDDPDelegate.m in Sources */ = {isa = PBXBuildFile; fileRef = 430E092B95390D2D558E5F3B /* MockObjectiveDDPDelegate.m */; };
		570DE62F4BD74C18AE51ED8C /* libPods.a in Frameworks */ = {isa = PBXBuildFile; fileRef = 2C1F0C9084EA4B2DBD349673 /* libPods.a */; };
		888B6DFC173B6508001EED80 /* MeteorClient.m in Sources */ = {isa = PBXBuildFile; fileRef = 888B6DFB173B6508001EED80 /* MeteorClient.m */; };
		888B6DFF173B66EA001EED80 /* BSONIdGenerator.m in Sources */ = {isa = PBXBuildFile; fileRef = 888B6DFE173B66EA001EED80 /* BSONIdGenerator.m */; };
		9D3C062D54114FB1AC5700F0 /* libPods.a in Frameworks */ = {isa = PBXBuildFile; fileRef = 22BE0B3F1B814D98AAAE26CF /* libPods.a */; };
		BC2C3115142F54C55A92F9FD /* libPods-ObjectiveDDP.a in Frameworks */ = {isa = PBXBuildFile; fileRef = 39ACA448F5A7B3CDD0FC5858 /* libPods-ObjectiveDDP.a */; };
		FD7BC8FE2078D7295BEFE6FA /* libPods-Specs.a in Frameworks */ = {isa = PBXBuildFile; fileRef = 320AA851EDF28E77008B96B8 /* libPods-Specs.a */; };
/* End PBXBuildFile section */

/* Begin PBXCopyFilesBuildPhase section */
		4000D634170E880400296229 /* CopyFiles */ = {
			isa = PBXCopyFilesBuildPhase;
			buildActionMask = 2147483647;
			dstPath = "include/${PRODUCT_NAME}";
			dstSubfolderSpec = 16;
			files = (
				4000D63F170E880400296229 /* ObjectiveDDP.h in CopyFiles */,
			);
			runOnlyForDeploymentPostprocessing = 0;
		};
/* End PBXCopyFilesBuildPhase section */

/* Begin PBXFileReference section */
		052BE033183F8655005CBD6E /* MeteorClient+Private.h */ = {isa = PBXFileReference; fileEncoding = 4; lastKnownFileType = sourcecode.c.h; path = "MeteorClient+Private.h"; sourceTree = "<group>"; };
		15654C36C786305476C43A3A /* Pods-Specs.release.xcconfig */ = {isa = PBXFileReference; includeInIndex = 1; lastKnownFileType = text.xcconfig; name = "Pods-Specs.release.xcconfig"; path = "Pods/Target Support Files/Pods-Specs/Pods-Specs.release.xcconfig"; sourceTree = "<group>"; };
		194F89D9560FD1856AE79721 /* Pods-ObjectiveDDP.debug.xcconfig */ = {isa = PBXFileReference; includeInIndex = 1; lastKnownFileType = text.xcconfig; name = "Pods-ObjectiveDDP.debug.xcconfig"; path = "Pods/Target Support Files/Pods-ObjectiveDDP/Pods-ObjectiveDDP.debug.xcconfig"; sourceTree = "<group>"; };
		22BE0B3F1B814D98AAAE26CF /* libPods.a */ = {isa = PBXFileReference; explicitFileType = archive.ar; includeInIndex = 0; path = libPods.a; sourceTree = BUILT_PRODUCTS_DIR; };
		2C1F0C9084EA4B2DBD349673 /* libPods.a */ = {isa = PBXFileReference; explicitFileType = archive.ar; includeInIndex = 0; path = libPods.a; sourceTree = BUILT_PRODUCTS_DIR; };
		320AA851EDF28E77008B96B8 /* libPods-Specs.a */ = {isa = PBXFileReference; explicitFileType = archive.ar; includeInIndex = 0; path = "libPods-Specs.a"; sourceTree = BUILT_PRODUCTS_DIR; };
		39ACA448F5A7B3CDD0FC5858 /* libPods-ObjectiveDDP.a */ = {isa = PBXFileReference; explicitFileType = archive.ar; includeInIndex = 0; path = "libPods-ObjectiveDDP.a"; sourceTree = BUILT_PRODUCTS_DIR; };
		4000D636170E880400296229 /* libObjectiveDDP.a */ = {isa = PBXFileReference; explicitFileType = archive.ar; includeInIndex = 0; path = libObjectiveDDP.a; sourceTree = BUILT_PRODUCTS_DIR; };
		4000D639170E880400296229 /* Foundation.framework */ = {isa = PBXFileReference; lastKnownFileType = wrapper.framework; name = Foundation.framework; path = System/Library/Frameworks/Foundation.framework; sourceTree = SDKROOT; };
		4000D63D170E880400296229 /* ObjectiveDDP-Prefix.pch */ = {isa = PBXFileReference; lastKnownFileType = sourcecode.c.h; path = "ObjectiveDDP-Prefix.pch"; sourceTree = "<group>"; };
		4000D63E170E880400296229 /* ObjectiveDDP.h */ = {isa = PBXFileReference; lastKnownFileType = sourcecode.c.h; path = ObjectiveDDP.h; sourceTree = "<group>"; };
		4000D640170E880400296229 /* ObjectiveDDP.m */ = {isa = PBXFileReference; lastKnownFileType = sourcecode.c.objc; path = ObjectiveDDP.m; sourceTree = "<group>"; };
		4011C80217BD2AA6002AA28E /* DependencyProvider.h */ = {isa = PBXFileReference; fileEncoding = 4; lastKnownFileType = sourcecode.c.h; path = DependencyProvider.h; sourceTree = "<group>"; };
		4011C80317BD2AA6002AA28E /* DependencyProvider.m */ = {isa = PBXFileReference; fileEncoding = 4; lastKnownFileType = sourcecode.c.objc; path = DependencyProvider.m; sourceTree = "<group>"; };
		4011C80617BD2C06002AA28E /* FakeDependencyProvider.h */ = {isa = PBXFileReference; fileEncoding = 4; lastKnownFileType = sourcecode.c.h; path = FakeDependencyProvider.h; sourceTree = "<group>"; };
		4011C80717BD2C06002AA28E /* FakeDependencyProvider.m */ = {isa = PBXFileReference; fileEncoding = 4; lastKnownFileType = sourcecode.c.objc; path = FakeDependencyProvider.m; sourceTree = "<group>"; };
		4011C80A17BD2CA1002AA28E /* DDPSpecHelper.m */ = {isa = PBXFileReference; fileEncoding = 4; lastKnownFileType = sourcecode.c.objc; path = DDPSpecHelper.m; sourceTree = "<group>"; };
		4011C80D17BD2E14002AA28E /* DependencyProvider+Spec.m */ = {isa = PBXFileReference; fileEncoding = 4; lastKnownFileType = sourcecode.c.objc; path = "DependencyProvider+Spec.m"; sourceTree = "<group>"; };
		4011C80F17BD310D002AA28E /* DDPSpecHelper.h */ = {isa = PBXFileReference; fileEncoding = 4; lastKnownFileType = sourcecode.c.h; path = DDPSpecHelper.h; sourceTree = "<group>"; };
		401AEB7D170E9EC7008B38EA /* libicucore.dylib */ = {isa = PBXFileReference; lastKnownFileType = "compiled.mach-o.dylib"; name = libicucore.dylib; path = usr/lib/libicucore.dylib; sourceTree = SDKROOT; };
		401AEB7F170E9ECC008B38EA /* SystemConfiguration.framework */ = {isa = PBXFileReference; lastKnownFileType = wrapper.framework; name = SystemConfiguration.framework; path = System/Library/Frameworks/SystemConfiguration.framework; sourceTree = SDKROOT; };
		401AEB81170E9ED2008B38EA /* CFNetwork.framework */ = {isa = PBXFileReference; lastKnownFileType = wrapper.framework; name = CFNetwork.framework; path = System/Library/Frameworks/CFNetwork.framework; sourceTree = SDKROOT; };
		401AEB83170E9EEB008B38EA /* Security.framework */ = {isa = PBXFileReference; lastKnownFileType = wrapper.framework; name = Security.framework; path = System/Library/Frameworks/Security.framework; sourceTree = SDKROOT; };
		4079F9D9170EB31D00194B4A /* Specs.app */ = {isa = PBXFileReference; explicitFileType = wrapper.application; includeInIndex = 0; path = Specs.app; sourceTree = BUILT_PRODUCTS_DIR; };
		4079F9DA170EB31D00194B4A /* UIKit.framework */ = {isa = PBXFileReference; lastKnownFileType = wrapper.framework; name = UIKit.framework; path = System/Library/Frameworks/UIKit.framework; sourceTree = SDKROOT; };
		4079F9DD170EB31D00194B4A /* CoreGraphics.framework */ = {isa = PBXFileReference; lastKnownFileType = wrapper.framework; name = CoreGraphics.framework; path = System/Library/Frameworks/CoreGraphics.framework; sourceTree = SDKROOT; };
		4079F9E1170EB31D00194B4A /* Specs-Info.plist */ = {isa = PBXFileReference; lastKnownFileType = text.plist.xml; path = "Specs-Info.plist"; sourceTree = "<group>"; };
		4079F9E3170EB31D00194B4A /* en */ = {isa = PBXFileReference; lastKnownFileType = text.plist.strings; name = en; path = en.lproj/InfoPlist.strings; sourceTree = "<group>"; };
		4079F9E5170EB31D00194B4A /* main.m */ = {isa = PBXFileReference; lastKnownFileType = sourcecode.c.objc; path = main.m; sourceTree = "<group>"; };
		4079F9E7170EB31D00194B4A /* Specs-Prefix.pch */ = {isa = PBXFileReference; lastKnownFileType = sourcecode.c.h; path = "Specs-Prefix.pch"; sourceTree = "<group>"; };
		4079F9F6170EB3B000194B4A /* ObjectiveDDPSpec.mm */ = {isa = PBXFileReference; fileEncoding = 4; lastKnownFileType = sourcecode.cpp.objcpp; path = ObjectiveDDPSpec.mm; sourceTree = "<group>"; };
		40A305F2178D27E800546C1F /* Default-568h@2x.png */ = {isa = PBXFileReference; lastKnownFileType = image.png; path = "Default-568h@2x.png"; sourceTree = "<group>"; };
		40BAB8CC181EFE550098524C /* NSObject+Spec.m */ = {isa = PBXFileReference; fileEncoding = 4; lastKnownFileType = sourcecode.c.objc; path = "NSObject+Spec.m"; sourceTree = "<group>"; };
		40BAB8CF182051500098524C /* MeteorClient+Parsing.m */ = {isa = PBXFileReference; fileEncoding = 4; lastKnownFileType = sourcecode.c.objc; path = "MeteorClient+Parsing.m"; sourceTree = "<group>"; };
		40E901D1183809DF00CFD98C /* ObjectiveDDP.podspec */ = {isa = PBXFileReference; fileEncoding = 4; lastKnownFileType = text; path = ObjectiveDDP.podspec; sourceTree = SOURCE_ROOT; };
		40F8370E1741C62800AF2340 /* MeteorClientSpec.mm */ = {isa = PBXFileReference; fileEncoding = 4; lastKnownFileType = sourcecode.cpp.objcpp; path = MeteorClientSpec.mm; sourceTree = "<group>"; };
		430E02ACD0BC78CC53F31D72 /* MockSRWebSocket.m */ = {isa = PBXFileReference; fileEncoding = 4; lastKnownFileType = sourcecode.c.objc; path = MockSRWebSocket.m; sourceTree = "<group>"; };
		430E092B95390D2D558E5F3B /* MockObjectiveDDPDelegate.m */ = {isa = PBXFileReference; fileEncoding = 4; lastKnownFileType = sourcecode.c.objc; path = MockObjectiveDDPDelegate.m; sourceTree = "<group>"; };
		430E0AEA2F4C48D01B0BC222 /* MockSRWebSocket.h */ = {isa = PBXFileReference; fileEncoding = 4; lastKnownFileType = sourcecode.c.h; path = MockSRWebSocket.h; sourceTree = "<group>"; };
		430E0F1E6C3E7422A8791E24 /* MockObjectiveDDPDelegate.h */ = {isa = PBXFileReference; fileEncoding = 4; lastKnownFileType = sourcecode.c.h; path = MockObjectiveDDPDelegate.h; sourceTree = "<group>"; };
		888B6DFA173B6508001EED80 /* MeteorClient.h */ = {isa = PBXFileReference; fileEncoding = 4; lastKnownFileType = sourcecode.c.h; path = MeteorClient.h; sourceTree = "<group>"; };
		888B6DFB173B6508001EED80 /* MeteorClient.m */ = {isa = PBXFileReference; fileEncoding = 4; lastKnownFileType = sourcecode.c.objc; path = MeteorClient.m; sourceTree = "<group>"; };
		888B6DFD173B66EA001EED80 /* BSONIdGenerator.h */ = {isa = PBXFileReference; fileEncoding = 4; lastKnownFileType = sourcecode.c.h; path = BSONIdGenerator.h; sourceTree = "<group>"; };
		888B6DFE173B66EA001EED80 /* BSONIdGenerator.m */ = {isa = PBXFileReference; fileEncoding = 4; lastKnownFileType = sourcecode.c.objc; path = BSONIdGenerator.m; sourceTree = "<group>"; };
		D05E1D000A1228EEFAD5C7A9 /* Pods-ObjectiveDDP.release.xcconfig */ = {isa = PBXFileReference; includeInIndex = 1; lastKnownFileType = text.xcconfig; name = "Pods-ObjectiveDDP.release.xcconfig"; path = "Pods/Target Support Files/Pods-ObjectiveDDP/Pods-ObjectiveDDP.release.xcconfig"; sourceTree = "<group>"; };
		F50CB09B9E9DA61FFDCC00AF /* Pods-Specs.debug.xcconfig */ = {isa = PBXFileReference; includeInIndex = 1; lastKnownFileType = text.xcconfig; name = "Pods-Specs.debug.xcconfig"; path = "Pods/Target Support Files/Pods-Specs/Pods-Specs.debug.xcconfig"; sourceTree = "<group>"; };
/* End PBXFileReference section */

/* Begin PBXFrameworksBuildPhase section */
		4000D633170E880400296229 /* Frameworks */ = {
			isa = PBXFrameworksBuildPhase;
			buildActionMask = 2147483647;
			files = (
				401AEB84170E9EEB008B38EA /* Security.framework in Frameworks */,
				401AEB82170E9ED2008B38EA /* CFNetwork.framework in Frameworks */,
				401AEB80170E9ECC008B38EA /* SystemConfiguration.framework in Frameworks */,
				4000D63A170E880400296229 /* Foundation.framework in Frameworks */,
				401AEB7E170E9EC7008B38EA /* libicucore.dylib in Frameworks */,
				9D3C062D54114FB1AC5700F0 /* libPods.a in Frameworks */,
				BC2C3115142F54C55A92F9FD /* libPods-ObjectiveDDP.a in Frameworks */,
			);
			runOnlyForDeploymentPostprocessing = 0;
		};
		4079F9D6170EB31D00194B4A /* Frameworks */ = {
			isa = PBXFrameworksBuildPhase;
			buildActionMask = 2147483647;
			files = (
				4079F9F4170EB36700194B4A /* libicucore.dylib in Frameworks */,
				4079F9F3170EB36000194B4A /* SystemConfiguration.framework in Frameworks */,
				4079F9F2170EB35800194B4A /* CFNetwork.framework in Frameworks */,
				4079F9F1170EB35200194B4A /* Security.framework in Frameworks */,
				4079F9DB170EB31D00194B4A /* UIKit.framework in Frameworks */,
				4079F9DC170EB31D00194B4A /* Foundation.framework in Frameworks */,
				4079F9DE170EB31D00194B4A /* CoreGraphics.framework in Frameworks */,
				570DE62F4BD74C18AE51ED8C /* libPods.a in Frameworks */,
				FD7BC8FE2078D7295BEFE6FA /* libPods-Specs.a in Frameworks */,
			);
			runOnlyForDeploymentPostprocessing = 0;
		};
/* End PBXFrameworksBuildPhase section */

/* Begin PBXGroup section */
		4000D62D170E880400296229 = {
			isa = PBXGroup;
			children = (
				40A305F2178D27E800546C1F /* Default-568h@2x.png */,
				4000D63B170E880400296229 /* ObjectiveDDP */,
				4079F9DF170EB31D00194B4A /* Specs */,
				4000D638170E880400296229 /* Frameworks */,
				4000D637170E880400296229 /* Products */,
				95540A0277F183BFDC9822E6 /* Pods */,
			);
			sourceTree = "<group>";
		};
		4000D637170E880400296229 /* Products */ = {
			isa = PBXGroup;
			children = (
				4000D636170E880400296229 /* libObjectiveDDP.a */,
				4079F9D9170EB31D00194B4A /* Specs.app */,
			);
			name = Products;
			sourceTree = "<group>";
		};
		4000D638170E880400296229 /* Frameworks */ = {
			isa = PBXGroup;
			children = (
				401AEB7D170E9EC7008B38EA /* libicucore.dylib */,
				4079F9DD170EB31D00194B4A /* CoreGraphics.framework */,
				401AEB83170E9EEB008B38EA /* Security.framework */,
				401AEB81170E9ED2008B38EA /* CFNetwork.framework */,
				401AEB7F170E9ECC008B38EA /* SystemConfiguration.framework */,
				4000D639170E880400296229 /* Foundation.framework */,
				4079F9DA170EB31D00194B4A /* UIKit.framework */,
				2C1F0C9084EA4B2DBD349673 /* libPods.a */,
				39ACA448F5A7B3CDD0FC5858 /* libPods-ObjectiveDDP.a */,
				320AA851EDF28E77008B96B8 /* libPods-Specs.a */,
			);
			name = Frameworks;
			sourceTree = "<group>";
		};
		4000D63B170E880400296229 /* ObjectiveDDP */ = {
			isa = PBXGroup;
			children = (
				4011C80217BD2AA6002AA28E /* DependencyProvider.h */,
				4011C80317BD2AA6002AA28E /* DependencyProvider.m */,
				888B6DFD173B66EA001EED80 /* BSONIdGenerator.h */,
				888B6DFE173B66EA001EED80 /* BSONIdGenerator.m */,
				888B6DFA173B6508001EED80 /* MeteorClient.h */,
				888B6DFB173B6508001EED80 /* MeteorClient.m */,
				052BE033183F8655005CBD6E /* MeteorClient+Private.h */,
				40BAB8CF182051500098524C /* MeteorClient+Parsing.m */,
				4000D63E170E880400296229 /* ObjectiveDDP.h */,
				4000D640170E880400296229 /* ObjectiveDDP.m */,
				4000D63C170E880400296229 /* Supporting Files */,
			);
			path = ObjectiveDDP;
			sourceTree = "<group>";
		};
		4000D63C170E880400296229 /* Supporting Files */ = {
			isa = PBXGroup;
			children = (
				40E901D1183809DF00CFD98C /* ObjectiveDDP.podspec */,
				4000D63D170E880400296229 /* ObjectiveDDP-Prefix.pch */,
			);
			name = "Supporting Files";
			sourceTree = "<group>";
		};
		4079F9DF170EB31D00194B4A /* Specs */ = {
			isa = PBXGroup;
			children = (
				4011C80D17BD2E14002AA28E /* DependencyProvider+Spec.m */,
				40BAB8CC181EFE550098524C /* NSObject+Spec.m */,
				4011C80F17BD310D002AA28E /* DDPSpecHelper.h */,
				4011C80A17BD2CA1002AA28E /* DDPSpecHelper.m */,
				40F8370E1741C62800AF2340 /* MeteorClientSpec.mm */,
				4079F9F6170EB3B000194B4A /* ObjectiveDDPSpec.mm */,
				430E092A40EC4FAED3B6C76B /* Mocks */,
				4079F9E0170EB31D00194B4A /* Supporting Files */,
			);
			path = Specs;
			sourceTree = "<group>";
		};
		4079F9E0170EB31D00194B4A /* Supporting Files */ = {
			isa = PBXGroup;
			children = (
				4079F9E1170EB31D00194B4A /* Specs-Info.plist */,
				4079F9E2170EB31D00194B4A /* InfoPlist.strings */,
				4079F9E5170EB31D00194B4A /* main.m */,
				4079F9E7170EB31D00194B4A /* Specs-Prefix.pch */,
			);
			name = "Supporting Files";
			sourceTree = "<group>";
		};
		430E092A40EC4FAED3B6C76B /* Mocks */ = {
			isa = PBXGroup;
			children = (
				430E092B95390D2D558E5F3B /* MockObjectiveDDPDelegate.m */,
				430E0F1E6C3E7422A8791E24 /* MockObjectiveDDPDelegate.h */,
				4011C80617BD2C06002AA28E /* FakeDependencyProvider.h */,
				430E02ACD0BC78CC53F31D72 /* MockSRWebSocket.m */,
				430E0AEA2F4C48D01B0BC222 /* MockSRWebSocket.h */,
				4011C80717BD2C06002AA28E /* FakeDependencyProvider.m */,
			);
			path = Mocks;
			sourceTree = "<group>";
		};
		95540A0277F183BFDC9822E6 /* Pods */ = {
			isa = PBXGroup;
			children = (
				194F89D9560FD1856AE79721 /* Pods-ObjectiveDDP.debug.xcconfig */,
				D05E1D000A1228EEFAD5C7A9 /* Pods-ObjectiveDDP.release.xcconfig */,
				F50CB09B9E9DA61FFDCC00AF /* Pods-Specs.debug.xcconfig */,
				15654C36C786305476C43A3A /* Pods-Specs.release.xcconfig */,
			);
			name = Pods;
			sourceTree = "<group>";
		};
/* End PBXGroup section */

/* Begin PBXNativeTarget section */
		4000D635170E880400296229 /* ObjectiveDDP */ = {
			isa = PBXNativeTarget;
			buildConfigurationList = 4000D644170E880400296229 /* Build configuration list for PBXNativeTarget "ObjectiveDDP" */;
			buildPhases = (
				04C9623BA89EC364FD90CD3D /* Check Pods Manifest.lock */,
				4000D632170E880400296229 /* Sources */,
				4000D633170E880400296229 /* Frameworks */,
				4000D634170E880400296229 /* CopyFiles */,
				648CA590930A4D87BE530DBD /* Copy Pods Resources */,
			);
			buildRules = (
			);
			dependencies = (
			);
			name = ObjectiveDDP;
			productName = ObjectiveDDP;
			productReference = 4000D636170E880400296229 /* libObjectiveDDP.a */;
			productType = "com.apple.product-type.library.static";
		};
		4079F9D8170EB31D00194B4A /* Specs */ = {
			isa = PBXNativeTarget;
			buildConfigurationList = 4079F9EC170EB31E00194B4A /* Build configuration list for PBXNativeTarget "Specs" */;
			buildPhases = (
				CE13F78A2A3541BFB51C1FA9 /* Check Pods Manifest.lock */,
				4079F9D5170EB31D00194B4A /* Sources */,
				4079F9D6170EB31D00194B4A /* Frameworks */,
				4079F9D7170EB31D00194B4A /* Resources */,
				063296B82B464E808F5E3E74 /* Copy Pods Resources */,
				B4B4E8EB045D267FC8470639 /* Embed Pods Frameworks */,
			);
			buildRules = (
			);
			dependencies = (
			);
			name = Specs;
			productName = Specs;
			productReference = 4079F9D9170EB31D00194B4A /* Specs.app */;
			productType = "com.apple.product-type.application";
		};
/* End PBXNativeTarget section */

/* Begin PBXProject section */
		4000D62E170E880400296229 /* Project object */ = {
			isa = PBXProject;
			attributes = {
				LastUpgradeCheck = 0460;
				ORGANIZATIONNAME = Rebounds;
			};
			buildConfigurationList = 4000D631170E880400296229 /* Build configuration list for PBXProject "ObjectiveDDP" */;
			compatibilityVersion = "Xcode 3.2";
			developmentRegion = English;
			hasScannedForEncodings = 0;
			knownRegions = (
				en,
			);
			mainGroup = 4000D62D170E880400296229;
			productRefGroup = 4000D637170E880400296229 /* Products */;
			projectDirPath = "";
			projectRoot = "";
			targets = (
				4000D635170E880400296229 /* ObjectiveDDP */,
				4079F9D8170EB31D00194B4A /* Specs */,
			);
		};
/* End PBXProject section */

/* Begin PBXResourcesBuildPhase section */
		4079F9D7170EB31D00194B4A /* Resources */ = {
			isa = PBXResourcesBuildPhase;
			buildActionMask = 2147483647;
			files = (
				4079F9E4170EB31D00194B4A /* InfoPlist.strings in Resources */,
				40A305F3178D27E800546C1F /* Default-568h@2x.png in Resources */,
			);
			runOnlyForDeploymentPostprocessing = 0;
		};
/* End PBXResourcesBuildPhase section */

/* Begin PBXShellScriptBuildPhase section */
		04C9623BA89EC364FD90CD3D /* Check Pods Manifest.lock */ = {
			isa = PBXShellScriptBuildPhase;
			buildActionMask = 2147483647;
			files = (
			);
			inputPaths = (
			);
			name = "Check Pods Manifest.lock";
			outputPaths = (
			);
			runOnlyForDeploymentPostprocessing = 0;
			shellPath = /bin/sh;
			shellScript = "diff \"${PODS_ROOT}/../Podfile.lock\" \"${PODS_ROOT}/Manifest.lock\" > /dev/null\nif [[ $? != 0 ]] ; then\n    cat << EOM\nerror: The sandbox is not in sync with the Podfile.lock. Run 'pod install' or update your CocoaPods installation.\nEOM\n    exit 1\nfi\n";
			showEnvVarsInLog = 0;
		};
		063296B82B464E808F5E3E74 /* Copy Pods Resources */ = {
			isa = PBXShellScriptBuildPhase;
			buildActionMask = 2147483647;
			files = (
			);
			inputPaths = (
			);
			name = "Copy Pods Resources";
			outputPaths = (
			);
			runOnlyForDeploymentPostprocessing = 0;
			shellPath = /bin/sh;
			shellScript = "\"${SRCROOT}/Pods/Target Support Files/Pods-Specs/Pods-Specs-resources.sh\"\n";
			showEnvVarsInLog = 0;
		};
		648CA590930A4D87BE530DBD /* Copy Pods Resources */ = {
			isa = PBXShellScriptBuildPhase;
			buildActionMask = 2147483647;
			files = (
			);
			inputPaths = (
			);
			name = "Copy Pods Resources";
			outputPaths = (
			);
			runOnlyForDeploymentPostprocessing = 0;
			shellPath = /bin/sh;
			shellScript = "\"${SRCROOT}/Pods/Target Support Files/Pods-ObjectiveDDP/Pods-ObjectiveDDP-resources.sh\"\n";
			showEnvVarsInLog = 0;
		};
		B4B4E8EB045D267FC8470639 /* Embed Pods Frameworks */ = {
			isa = PBXShellScriptBuildPhase;
			buildActionMask = 2147483647;
			files = (
			);
			inputPaths = (
			);
			name = "Embed Pods Frameworks";
			outputPaths = (
			);
			runOnlyForDeploymentPostprocessing = 0;
			shellPath = /bin/sh;
			shellScript = "\"${SRCROOT}/Pods/Target Support Files/Pods-Specs/Pods-Specs-frameworks.sh\"\n";
			showEnvVarsInLog = 0;
		};
		CE13F78A2A3541BFB51C1FA9 /* Check Pods Manifest.lock */ = {
			isa = PBXShellScriptBuildPhase;
			buildActionMask = 2147483647;
			files = (
			);
			inputPaths = (
			);
			name = "Check Pods Manifest.lock";
			outputPaths = (
			);
			runOnlyForDeploymentPostprocessing = 0;
			shellPath = /bin/sh;
			shellScript = "diff \"${PODS_ROOT}/../Podfile.lock\" \"${PODS_ROOT}/Manifest.lock\" > /dev/null\nif [[ $? != 0 ]] ; then\n    cat << EOM\nerror: The sandbox is not in sync with the Podfile.lock. Run 'pod install' or update your CocoaPods installation.\nEOM\n    exit 1\nfi\n";
			showEnvVarsInLog = 0;
		};
/* End PBXShellScriptBuildPhase section */

/* Begin PBXSourcesBuildPhase section */
		4000D632170E880400296229 /* Sources */ = {
			isa = PBXSourcesBuildPhase;
			buildActionMask = 2147483647;
			files = (
				4000D641170E880400296229 /* ObjectiveDDP.m in Sources */,
				888B6DFC173B6508001EED80 /* MeteorClient.m in Sources */,
				40BAB8D0182051500098524C /* MeteorClient+Parsing.m in Sources */,
				888B6DFF173B66EA001EED80 /* BSONIdGenerator.m in Sources */,
				4011C80417BD2AA6002AA28E /* DependencyProvider.m in Sources */,
			);
			runOnlyForDeploymentPostprocessing = 0;
		};
		4079F9D5170EB31D00194B4A /* Sources */ = {
			isa = PBXSourcesBuildPhase;
			buildActionMask = 2147483647;
			files = (
				40F8370C1741C59700AF2340 /* BSONIdGenerator.m in Sources */,
				40F8370D1741C59700AF2340 /* MeteorClient.m in Sources */,
				40BAB8D1182051500098524C /* MeteorClient+Parsing.m in Sources */,
				4079F9F5170EB39200194B4A /* ObjectiveDDP.m in Sources */,
				4079F9E6170EB31D00194B4A /* main.m in Sources */,
				4079F9F7170EB3B000194B4A /* ObjectiveDDPSpec.mm in Sources */,
				430E08B6E86CA801EE954D0F /* MockObjectiveDDPDelegate.m in Sources */,
				40BAB8CD181EFE550098524C /* NSObject+Spec.m in Sources */,
				430E014E41C9666E08613FCE /* MockSRWebSocket.m in Sources */,
				40F8370F1741C62800AF2340 /* MeteorClientSpec.mm in Sources */,
				4011C80517BD2AA6002AA28E /* DependencyProvider.m in Sources */,
				4011C80817BD2C06002AA28E /* FakeDependencyProvider.m in Sources */,
				4011C80B17BD2CA1002AA28E /* DDPSpecHelper.m in Sources */,
				4011C80E17BD2E14002AA28E /* DependencyProvider+Spec.m in Sources */,
			);
			runOnlyForDeploymentPostprocessing = 0;
		};
/* End PBXSourcesBuildPhase section */

/* Begin PBXVariantGroup section */
		4079F9E2170EB31D00194B4A /* InfoPlist.strings */ = {
			isa = PBXVariantGroup;
			children = (
				4079F9E3170EB31D00194B4A /* en */,
			);
			name = InfoPlist.strings;
			sourceTree = "<group>";
		};
/* End PBXVariantGroup section */

/* Begin XCBuildConfiguration section */
		4000D642170E880400296229 /* Debug */ = {
			isa = XCBuildConfiguration;
			buildSettings = {
				ALWAYS_SEARCH_USER_PATHS = NO;
				CLANG_CXX_LANGUAGE_STANDARD = "gnu++0x";
				CLANG_CXX_LIBRARY = "libc++";
				CLANG_ENABLE_OBJC_ARC = YES;
				CLANG_WARN_CONSTANT_CONVERSION = YES;
				CLANG_WARN_EMPTY_BODY = YES;
				CLANG_WARN_ENUM_CONVERSION = YES;
				CLANG_WARN_INT_CONVERSION = YES;
				CLANG_WARN__DUPLICATE_METHOD_MATCH = YES;
				COPY_PHASE_STRIP = NO;
				GCC_C_LANGUAGE_STANDARD = gnu99;
				GCC_DYNAMIC_NO_PIC = NO;
				GCC_OPTIMIZATION_LEVEL = 0;
				GCC_PREPROCESSOR_DEFINITIONS = (
					"DEBUG=1",
					"$(inherited)",
				);
				GCC_SYMBOLS_PRIVATE_EXTERN = NO;
				GCC_WARN_ABOUT_RETURN_TYPE = YES;
				GCC_WARN_UNINITIALIZED_AUTOS = YES;
				GCC_WARN_UNUSED_VARIABLE = YES;
				IPHONEOS_DEPLOYMENT_TARGET = 6.1;
				ONLY_ACTIVE_ARCH = YES;
				SDKROOT = iphoneos;
			};
			name = Debug;
		};
		4000D643170E880400296229 /* Release */ = {
			isa = XCBuildConfiguration;
			buildSettings = {
				ALWAYS_SEARCH_USER_PATHS = NO;
				CLANG_CXX_LANGUAGE_STANDARD = "gnu++0x";
				CLANG_CXX_LIBRARY = "libc++";
				CLANG_ENABLE_OBJC_ARC = YES;
				CLANG_WARN_CONSTANT_CONVERSION = YES;
				CLANG_WARN_EMPTY_BODY = YES;
				CLANG_WARN_ENUM_CONVERSION = YES;
				CLANG_WARN_INT_CONVERSION = YES;
				CLANG_WARN__DUPLICATE_METHOD_MATCH = YES;
				COPY_PHASE_STRIP = YES;
				GCC_C_LANGUAGE_STANDARD = gnu99;
				GCC_WARN_ABOUT_RETURN_TYPE = YES;
				GCC_WARN_UNINITIALIZED_AUTOS = YES;
				GCC_WARN_UNUSED_VARIABLE = YES;
				IPHONEOS_DEPLOYMENT_TARGET = 6.1;
				SDKROOT = iphoneos;
				VALIDATE_PRODUCT = YES;
			};
			name = Release;
		};
		4000D645170E880400296229 /* Debug */ = {
			isa = XCBuildConfiguration;
			baseConfigurationReference = 194F89D9560FD1856AE79721 /* Pods-ObjectiveDDP.debug.xcconfig */;
			buildSettings = {
				DSTROOT = /tmp/ObjectiveDDP.dst;
				GCC_PRECOMPILE_PREFIX_HEADER = YES;
				GCC_PREFIX_HEADER = "ObjectiveDDP/ObjectiveDDP-Prefix.pch";
				HEADER_SEARCH_PATHS = "${PODS_HEADERS_SEARCH_PATHS}";
				IPHONEOS_DEPLOYMENT_TARGET = 7.1;
				LIBRARY_SEARCH_PATHS = (
					"$(inherited)",
					"\\\"$(SDKROOT)/usr/lib/system\\\"",
					"\\\"$(SRCROOT)/ObjectiveDDP\\\"",
					/Users/boundsj/workspace/ios/ObjectiveDDP/ObjectiveDDP,
				);
				OTHER_LDFLAGS = "";
				PRODUCT_NAME = "$(TARGET_NAME)";
				SKIP_INSTALL = YES;
			};
			name = Debug;
		};
		4000D646170E880400296229 /* Release */ = {
			isa = XCBuildConfiguration;
			baseConfigurationReference = D05E1D000A1228EEFAD5C7A9 /* Pods-ObjectiveDDP.release.xcconfig */;
			buildSettings = {
				DSTROOT = /tmp/ObjectiveDDP.dst;
				GCC_PRECOMPILE_PREFIX_HEADER = YES;
				GCC_PREFIX_HEADER = "ObjectiveDDP/ObjectiveDDP-Prefix.pch";
				HEADER_SEARCH_PATHS = "${PODS_HEADERS_SEARCH_PATHS}";
				IPHONEOS_DEPLOYMENT_TARGET = 7.1;
				LIBRARY_SEARCH_PATHS = (
					"$(inherited)",
					"\\\"$(SDKROOT)/usr/lib/system\\\"",
					"\\\"$(SRCROOT)/ObjectiveDDP\\\"",
					/Users/boundsj/workspace/ios/ObjectiveDDP/ObjectiveDDP,
				);
				OTHER_LDFLAGS = "";
				PRODUCT_NAME = "$(TARGET_NAME)";
				SKIP_INSTALL = YES;
			};
			name = Release;
		};
		4079F9ED170EB31E00194B4A /* Debug */ = {
			isa = XCBuildConfiguration;
			baseConfigurationReference = F50CB09B9E9DA61FFDCC00AF /* Pods-Specs.debug.xcconfig */;
			buildSettings = {
				"CODE_SIGN_IDENTITY[sdk=iphoneos*]" = "";
				FRAMEWORK_SEARCH_PATHS = "$(inherited)";
				GCC_PRECOMPILE_PREFIX_HEADER = YES;
				GCC_PREFIX_HEADER = "Specs/Specs-Prefix.pch";
				HEADER_SEARCH_PATHS = "$(inherited)";
				INFOPLIST_FILE = "Specs/Specs-Info.plist";
				IPHONEOS_DEPLOYMENT_TARGET = 7.1;
				LIBRARY_SEARCH_PATHS = (
					"$(inherited)",
					"\"$(SDKROOT)/usr/lib/system\"",
					"\"$(SRCROOT)/ObjectiveDDP\"",
				);
				OTHER_CPLUSPLUSFLAGS = (
					"$(OTHER_CFLAGS)",
					"$(inherited)",
				);
				OTHER_LDFLAGS = "$(inherited)";
				PRODUCT_NAME = "$(TARGET_NAME)";
				VALID_ARCHS = "arm64 armv7 arm7s";
				WRAPPER_EXTENSION = app;
			};
			name = Debug;
		};
		4079F9EE170EB31E00194B4A /* Release */ = {
			isa = XCBuildConfiguration;
			baseConfigurationReference = 15654C36C786305476C43A3A /* Pods-Specs.release.xcconfig */;
			buildSettings = {
				"CODE_SIGN_IDENTITY[sdk=iphoneos*]" = "";
				FRAMEWORK_SEARCH_PATHS = "$(inherited)";
				GCC_PRECOMPILE_PREFIX_HEADER = YES;
				GCC_PREFIX_HEADER = "Specs/Specs-Prefix.pch";
				HEADER_SEARCH_PATHS = "$(inherited)";
				INFOPLIST_FILE = "Specs/Specs-Info.plist";
				IPHONEOS_DEPLOYMENT_TARGET = 7.1;
				LIBRARY_SEARCH_PATHS = (
					"$(inherited)",
					"\"$(SDKROOT)/usr/lib/system\"",
					"\"$(SRCROOT)/ObjectiveDDP\"",
				);
				OTHER_CFLAGS = "-DNS_BLOCK_ASSERTIONS=1";
				OTHER_LDFLAGS = "$(inherited)";
				PRODUCT_NAME = "$(TARGET_NAME)";
				VALID_ARCHS = "arm64 armv7 arm7s";
				WRAPPER_EXTENSION = app;
			};
			name = Release;
		};
/* End XCBuildConfiguration section */

/* Begin XCConfigurationList section */
		4000D631170E880400296229 /* Build configuration list for PBXProject "ObjectiveDDP" */ = {
			isa = XCConfigurationList;
			buildConfigurations = (
				4000D642170E880400296229 /* Debug */,
				4000D643170E880400296229 /* Release */,
			);
			defaultConfigurationIsVisible = 0;
			defaultConfigurationName = Release;
		};
		4000D644170E880400296229 /* Build configuration list for PBXNativeTarget "ObjectiveDDP" */ = {
			isa = XCConfigurationList;
			buildConfigurations = (
				4000D645170E880400296229 /* Debug */,
				4000D646170E880400296229 /* Release */,
			);
			defaultConfigurationIsVisible = 0;
			defaultConfigurationName = Release;
		};
		4079F9EC170EB31E00194B4A /* Build configuration list for PBXNativeTarget "Specs" */ = {
			isa = XCConfigurationList;
			buildConfigurations = (
				4079F9ED170EB31E00194B4A /* Debug */,
				4079F9EE170EB31E00194B4A /* Release */,
			);
			defaultConfigurationIsVisible = 0;
			defaultConfigurationName = Release;
		};
/* End XCConfigurationList section */
	};
	rootObject = 4000D62E170E880400296229 /* Project object */;
}
