// !$*UTF8*$!
{
	archiveVersion = 1;
	classes = {
	};
	objectVersion = 46;
	objects = {

/* Begin PBXBuildFile section */
		1DC6AD6ACE2A462CAEF2650D /* libPods.a in Frameworks */ = {isa = PBXBuildFile; fileRef = 76DEBC654F5B42F786F72A3E /* libPods.a */; };
		401AEB36170E9B4D008B38EA /* UIKit.framework in Frameworks */ = {isa = PBXBuildFile; fileRef = 401AEB35170E9B4D008B38EA /* UIKit.framework */; };
		401AEB38170E9B4D008B38EA /* Foundation.framework in Frameworks */ = {isa = PBXBuildFile; fileRef = 401AEB37170E9B4D008B38EA /* Foundation.framework */; };
		401AEB3A170E9B4D008B38EA /* CoreGraphics.framework in Frameworks */ = {isa = PBXBuildFile; fileRef = 401AEB39170E9B4D008B38EA /* CoreGraphics.framework */; };
		401AEB40170E9B4D008B38EA /* InfoPlist.strings in Resources */ = {isa = PBXBuildFile; fileRef = 401AEB3E170E9B4D008B38EA /* InfoPlist.strings */; };
		401AEB42170E9B4D008B38EA /* main.m in Sources */ = {isa = PBXBuildFile; fileRef = 401AEB41170E9B4D008B38EA /* main.m */; };
		401AEB46170E9B4E008B38EA /* AppDelegate.m in Sources */ = {isa = PBXBuildFile; fileRef = 401AEB45170E9B4E008B38EA /* AppDelegate.m */; };
		401AEB48170E9B4E008B38EA /* Default.png in Resources */ = {isa = PBXBuildFile; fileRef = 401AEB47170E9B4E008B38EA /* Default.png */; };
		401AEB4A170E9B4E008B38EA /* Default@2x.png in Resources */ = {isa = PBXBuildFile; fileRef = 401AEB49170E9B4E008B38EA /* Default@2x.png */; };
		401AEB4C170E9B4E008B38EA /* Default-568h@2x.png in Resources */ = {isa = PBXBuildFile; fileRef = 401AEB4B170E9B4E008B38EA /* Default-568h@2x.png */; };
		401AEB4F170E9B4E008B38EA /* ViewController.m in Sources */ = {isa = PBXBuildFile; fileRef = 401AEB4E170E9B4E008B38EA /* ViewController.m */; };
		401AEB52170E9B4E008B38EA /* ViewController.xib in Resources */ = {isa = PBXBuildFile; fileRef = 401AEB50170E9B4E008B38EA /* ViewController.xib */; };
		401AEB76170E9E08008B38EA /* libicucore.dylib in Frameworks */ = {isa = PBXBuildFile; fileRef = 401AEB75170E9E08008B38EA /* libicucore.dylib */; };
		401AEB78170E9E16008B38EA /* SystemConfiguration.framework in Frameworks */ = {isa = PBXBuildFile; fileRef = 401AEB77170E9E16008B38EA /* SystemConfiguration.framework */; };
		401AEB7A170E9E20008B38EA /* CFNetwork.framework in Frameworks */ = {isa = PBXBuildFile; fileRef = 401AEB79170E9E20008B38EA /* CFNetwork.framework */; };
		401AEB7C170E9E28008B38EA /* Security.framework in Frameworks */ = {isa = PBXBuildFile; fileRef = 401AEB7B170E9E28008B38EA /* Security.framework */; };
		408F42881719C93A00C91A92 /* libssl.a in Frameworks */ = {isa = PBXBuildFile; fileRef = 408F42871719C93A00C91A92 /* libssl.a */; };
		408F428A1719CABA00C91A92 /* libcrypto.a in Frameworks */ = {isa = PBXBuildFile; fileRef = 408F42891719CABA00C91A92 /* libcrypto.a */; };
		40A59C381718E9180095E30E /* AddViewController.m in Sources */ = {isa = PBXBuildFile; fileRef = 40A59C361718E9180095E30E /* AddViewController.m */; };
		40A59C391718E9180095E30E /* AddViewController.xib in Resources */ = {isa = PBXBuildFile; fileRef = 40A59C371718E9180095E30E /* AddViewController.xib */; };
		40D0816E1726566C00434EB3 /* srp.c in Sources */ = {isa = PBXBuildFile; fileRef = 40D0816C1726566C00434EB3 /* srp.c */; };
		40D08172172CE5DA00434EB3 /* LoginViewController.m in Sources */ = {isa = PBXBuildFile; fileRef = 40D08170172CE5DA00434EB3 /* LoginViewController.m */; };
		40D08173172CE5DA00434EB3 /* LoginViewController.xib in Resources */ = {isa = PBXBuildFile; fileRef = 40D08171172CE5DA00434EB3 /* LoginViewController.xib */; };
		40D08177172CEECD00434EB3 /* MeteorClient.m in Sources */ = {isa = PBXBuildFile; fileRef = 40D08176172CEECD00434EB3 /* MeteorClient.m */; };
		40D08180172CF93F00434EB3 /* green_light.png in Resources */ = {isa = PBXBuildFile; fileRef = 40D0817C172CF93F00434EB3 /* green_light.png */; };
		40D08181172CF93F00434EB3 /* green_light@2x.png in Resources */ = {isa = PBXBuildFile; fileRef = 40D0817D172CF93F00434EB3 /* green_light@2x.png */; };
		40D08182172CF93F00434EB3 /* red_light.png in Resources */ = {isa = PBXBuildFile; fileRef = 40D0817E172CF93F00434EB3 /* red_light.png */; };
		40D08183172CF93F00434EB3 /* red_light@2x.png in Resources */ = {isa = PBXBuildFile; fileRef = 40D0817F172CF93F00434EB3 /* red_light@2x.png */; };
		40D0818C1731F62D00434EB3 /* ListViewController.m in Sources */ = {isa = PBXBuildFile; fileRef = 40D0818A1731F62D00434EB3 /* ListViewController.m */; };
		40D0818D1731F62D00434EB3 /* ListViewController.xib in Resources */ = {isa = PBXBuildFile; fileRef = 40D0818B1731F62D00434EB3 /* ListViewController.xib */; };
		430E0D74939F6EDF3BD81A8B /* BSONIdGenerator.m in Sources */ = {isa = PBXBuildFile; fileRef = 430E0E9A0ECDBAE7D19DE279 /* BSONIdGenerator.m */; };
/* End PBXBuildFile section */

/* Begin PBXFileReference section */
		401AEB32170E9B4D008B38EA /* Example.app */ = {isa = PBXFileReference; explicitFileType = wrapper.application; includeInIndex = 0; path = Example.app; sourceTree = BUILT_PRODUCTS_DIR; };
		401AEB35170E9B4D008B38EA /* UIKit.framework */ = {isa = PBXFileReference; lastKnownFileType = wrapper.framework; name = UIKit.framework; path = System/Library/Frameworks/UIKit.framework; sourceTree = SDKROOT; };
		401AEB37170E9B4D008B38EA /* Foundation.framework */ = {isa = PBXFileReference; lastKnownFileType = wrapper.framework; name = Foundation.framework; path = System/Library/Frameworks/Foundation.framework; sourceTree = SDKROOT; };
		401AEB39170E9B4D008B38EA /* CoreGraphics.framework */ = {isa = PBXFileReference; lastKnownFileType = wrapper.framework; name = CoreGraphics.framework; path = System/Library/Frameworks/CoreGraphics.framework; sourceTree = SDKROOT; };
		401AEB3D170E9B4D008B38EA /* Example-Info.plist */ = {isa = PBXFileReference; lastKnownFileType = text.plist.xml; path = "Example-Info.plist"; sourceTree = "<group>"; };
		401AEB3F170E9B4D008B38EA /* en */ = {isa = PBXFileReference; lastKnownFileType = text.plist.strings; name = en; path = en.lproj/InfoPlist.strings; sourceTree = "<group>"; };
		401AEB41170E9B4D008B38EA /* main.m */ = {isa = PBXFileReference; lastKnownFileType = sourcecode.c.objc; path = main.m; sourceTree = "<group>"; };
		401AEB43170E9B4D008B38EA /* Example-Prefix.pch */ = {isa = PBXFileReference; lastKnownFileType = sourcecode.c.h; path = "Example-Prefix.pch"; sourceTree = "<group>"; };
		401AEB44170E9B4D008B38EA /* AppDelegate.h */ = {isa = PBXFileReference; lastKnownFileType = sourcecode.c.h; path = AppDelegate.h; sourceTree = "<group>"; };
		401AEB45170E9B4E008B38EA /* AppDelegate.m */ = {isa = PBXFileReference; lastKnownFileType = sourcecode.c.objc; path = AppDelegate.m; sourceTree = "<group>"; };
		401AEB47170E9B4E008B38EA /* Default.png */ = {isa = PBXFileReference; lastKnownFileType = image.png; path = Default.png; sourceTree = "<group>"; };
		401AEB49170E9B4E008B38EA /* Default@2x.png */ = {isa = PBXFileReference; lastKnownFileType = image.png; path = "Default@2x.png"; sourceTree = "<group>"; };
		401AEB4B170E9B4E008B38EA /* Default-568h@2x.png */ = {isa = PBXFileReference; lastKnownFileType = image.png; path = "Default-568h@2x.png"; sourceTree = "<group>"; };
		401AEB4D170E9B4E008B38EA /* ViewController.h */ = {isa = PBXFileReference; lastKnownFileType = sourcecode.c.h; path = ViewController.h; sourceTree = "<group>"; };
		401AEB4E170E9B4E008B38EA /* ViewController.m */ = {isa = PBXFileReference; lastKnownFileType = sourcecode.c.objc; path = ViewController.m; sourceTree = "<group>"; };
		401AEB51170E9B4E008B38EA /* en */ = {isa = PBXFileReference; lastKnownFileType = file.xib; name = en; path = en.lproj/ViewController.xib; sourceTree = "<group>"; };
		401AEB73170E9DFD008B38EA /* libObjectiveDDP.a */ = {isa = PBXFileReference; lastKnownFileType = archive.ar; name = libObjectiveDDP.a; path = "../../../../Library/Developer/Xcode/DerivedData/ObjectiveDDP-fbjuojybfxkaafeddpfidrvkqmuz/Build/Products/Debug-iphoneos/libObjectiveDDP.a"; sourceTree = "<group>"; };
		401AEB75170E9E08008B38EA /* libicucore.dylib */ = {isa = PBXFileReference; lastKnownFileType = "compiled.mach-o.dylib"; name = libicucore.dylib; path = usr/lib/libicucore.dylib; sourceTree = SDKROOT; };
		401AEB77170E9E16008B38EA /* SystemConfiguration.framework */ = {isa = PBXFileReference; lastKnownFileType = wrapper.framework; name = SystemConfiguration.framework; path = System/Library/Frameworks/SystemConfiguration.framework; sourceTree = SDKROOT; };
		401AEB79170E9E20008B38EA /* CFNetwork.framework */ = {isa = PBXFileReference; lastKnownFileType = wrapper.framework; name = CFNetwork.framework; path = System/Library/Frameworks/CFNetwork.framework; sourceTree = SDKROOT; };
		401AEB7B170E9E28008B38EA /* Security.framework */ = {isa = PBXFileReference; lastKnownFileType = wrapper.framework; name = Security.framework; path = System/Library/Frameworks/Security.framework; sourceTree = SDKROOT; };
		408F423C1719C72300C91A92 /* aes.h */ = {isa = PBXFileReference; fileEncoding = 4; lastKnownFileType = sourcecode.c.h; path = aes.h; sourceTree = "<group>"; };
		408F423D1719C72300C91A92 /* asn1.h */ = {isa = PBXFileReference; fileEncoding = 4; lastKnownFileType = sourcecode.c.h; path = asn1.h; sourceTree = "<group>"; };
		408F423E1719C72300C91A92 /* asn1_mac.h */ = {isa = PBXFileReference; fileEncoding = 4; lastKnownFileType = sourcecode.c.h; path = asn1_mac.h; sourceTree = "<group>"; };
		408F423F1719C72300C91A92 /* asn1t.h */ = {isa = PBXFileReference; fileEncoding = 4; lastKnownFileType = sourcecode.c.h; path = asn1t.h; sourceTree = "<group>"; };
		408F42401719C72300C91A92 /* bio.h */ = {isa = PBXFileReference; fileEncoding = 4; lastKnownFileType = sourcecode.c.h; path = bio.h; sourceTree = "<group>"; };
		408F42411719C72300C91A92 /* blowfish.h */ = {isa = PBXFileReference; fileEncoding = 4; lastKnownFileType = sourcecode.c.h; path = blowfish.h; sourceTree = "<group>"; };
		408F42421719C72300C91A92 /* bn.h */ = {isa = PBXFileReference; fileEncoding = 4; lastKnownFileType = sourcecode.c.h; path = bn.h; sourceTree = "<group>"; };
		408F42431719C72300C91A92 /* buffer.h */ = {isa = PBXFileReference; fileEncoding = 4; lastKnownFileType = sourcecode.c.h; path = buffer.h; sourceTree = "<group>"; };
		408F42441719C72300C91A92 /* camellia.h */ = {isa = PBXFileReference; fileEncoding = 4; lastKnownFileType = sourcecode.c.h; path = camellia.h; sourceTree = "<group>"; };
		408F42451719C72300C91A92 /* cast.h */ = {isa = PBXFileReference; fileEncoding = 4; lastKnownFileType = sourcecode.c.h; path = cast.h; sourceTree = "<group>"; };
		408F42461719C72300C91A92 /* cmac.h */ = {isa = PBXFileReference; fileEncoding = 4; lastKnownFileType = sourcecode.c.h; path = cmac.h; sourceTree = "<group>"; };
		408F42471719C72300C91A92 /* cms.h */ = {isa = PBXFileReference; fileEncoding = 4; lastKnownFileType = sourcecode.c.h; path = cms.h; sourceTree = "<group>"; };
		408F42481719C72300C91A92 /* comp.h */ = {isa = PBXFileReference; fileEncoding = 4; lastKnownFileType = sourcecode.c.h; path = comp.h; sourceTree = "<group>"; };
		408F42491719C72300C91A92 /* conf.h */ = {isa = PBXFileReference; fileEncoding = 4; lastKnownFileType = sourcecode.c.h; path = conf.h; sourceTree = "<group>"; };
		408F424A1719C72300C91A92 /* conf_api.h */ = {isa = PBXFileReference; fileEncoding = 4; lastKnownFileType = sourcecode.c.h; path = conf_api.h; sourceTree = "<group>"; };
		408F424B1719C72300C91A92 /* crypto.h */ = {isa = PBXFileReference; fileEncoding = 4; lastKnownFileType = sourcecode.c.h; path = crypto.h; sourceTree = "<group>"; };
		408F424C1719C72300C91A92 /* des.h */ = {isa = PBXFileReference; fileEncoding = 4; lastKnownFileType = sourcecode.c.h; path = des.h; sourceTree = "<group>"; };
		408F424D1719C72300C91A92 /* des_old.h */ = {isa = PBXFileReference; fileEncoding = 4; lastKnownFileType = sourcecode.c.h; path = des_old.h; sourceTree = "<group>"; };
		408F424E1719C72300C91A92 /* dh.h */ = {isa = PBXFileReference; fileEncoding = 4; lastKnownFileType = sourcecode.c.h; path = dh.h; sourceTree = "<group>"; };
		408F424F1719C72300C91A92 /* dsa.h */ = {isa = PBXFileReference; fileEncoding = 4; lastKnownFileType = sourcecode.c.h; path = dsa.h; sourceTree = "<group>"; };
		408F42501719C72300C91A92 /* dso.h */ = {isa = PBXFileReference; fileEncoding = 4; lastKnownFileType = sourcecode.c.h; path = dso.h; sourceTree = "<group>"; };
		408F42511719C72300C91A92 /* dtls1.h */ = {isa = PBXFileReference; fileEncoding = 4; lastKnownFileType = sourcecode.c.h; path = dtls1.h; sourceTree = "<group>"; };
		408F42521719C72300C91A92 /* e_os2.h */ = {isa = PBXFileReference; fileEncoding = 4; lastKnownFileType = sourcecode.c.h; path = e_os2.h; sourceTree = "<group>"; };
		408F42531719C72300C91A92 /* ebcdic.h */ = {isa = PBXFileReference; fileEncoding = 4; lastKnownFileType = sourcecode.c.h; path = ebcdic.h; sourceTree = "<group>"; };
		408F42541719C72300C91A92 /* ec.h */ = {isa = PBXFileReference; fileEncoding = 4; lastKnownFileType = sourcecode.c.h; path = ec.h; sourceTree = "<group>"; };
		408F42551719C72300C91A92 /* ecdh.h */ = {isa = PBXFileReference; fileEncoding = 4; lastKnownFileType = sourcecode.c.h; path = ecdh.h; sourceTree = "<group>"; };
		408F42561719C72300C91A92 /* ecdsa.h */ = {isa = PBXFileReference; fileEncoding = 4; lastKnownFileType = sourcecode.c.h; path = ecdsa.h; sourceTree = "<group>"; };
		408F42571719C72300C91A92 /* engine.h */ = {isa = PBXFileReference; fileEncoding = 4; lastKnownFileType = sourcecode.c.h; path = engine.h; sourceTree = "<group>"; };
		408F42581719C72300C91A92 /* err.h */ = {isa = PBXFileReference; fileEncoding = 4; lastKnownFileType = sourcecode.c.h; path = err.h; sourceTree = "<group>"; };
		408F42591719C72300C91A92 /* evp.h */ = {isa = PBXFileReference; fileEncoding = 4; lastKnownFileType = sourcecode.c.h; path = evp.h; sourceTree = "<group>"; };
		408F425A1719C72300C91A92 /* hmac.h */ = {isa = PBXFileReference; fileEncoding = 4; lastKnownFileType = sourcecode.c.h; path = hmac.h; sourceTree = "<group>"; };
		408F425B1719C72300C91A92 /* idea.h */ = {isa = PBXFileReference; fileEncoding = 4; lastKnownFileType = sourcecode.c.h; path = idea.h; sourceTree = "<group>"; };
		408F425C1719C72300C91A92 /* krb5_asn.h */ = {isa = PBXFileReference; fileEncoding = 4; lastKnownFileType = sourcecode.c.h; path = krb5_asn.h; sourceTree = "<group>"; };
		408F425D1719C72300C91A92 /* kssl.h */ = {isa = PBXFileReference; fileEncoding = 4; lastKnownFileType = sourcecode.c.h; path = kssl.h; sourceTree = "<group>"; };
		408F425E1719C72300C91A92 /* lhash.h */ = {isa = PBXFileReference; fileEncoding = 4; lastKnownFileType = sourcecode.c.h; path = lhash.h; sourceTree = "<group>"; };
		408F425F1719C72300C91A92 /* md4.h */ = {isa = PBXFileReference; fileEncoding = 4; lastKnownFileType = sourcecode.c.h; path = md4.h; sourceTree = "<group>"; };
		408F42601719C72300C91A92 /* md5.h */ = {isa = PBXFileReference; fileEncoding = 4; lastKnownFileType = sourcecode.c.h; path = md5.h; sourceTree = "<group>"; };
		408F42611719C72300C91A92 /* mdc2.h */ = {isa = PBXFileReference; fileEncoding = 4; lastKnownFileType = sourcecode.c.h; path = mdc2.h; sourceTree = "<group>"; };
		408F42621719C72300C91A92 /* modes.h */ = {isa = PBXFileReference; fileEncoding = 4; lastKnownFileType = sourcecode.c.h; path = modes.h; sourceTree = "<group>"; };
		408F42631719C72300C91A92 /* obj_mac.h */ = {isa = PBXFileReference; fileEncoding = 4; lastKnownFileType = sourcecode.c.h; path = obj_mac.h; sourceTree = "<group>"; };
		408F42641719C72300C91A92 /* objects.h */ = {isa = PBXFileReference; fileEncoding = 4; lastKnownFileType = sourcecode.c.h; path = objects.h; sourceTree = "<group>"; };
		408F42651719C72300C91A92 /* ocsp.h */ = {isa = PBXFileReference; fileEncoding = 4; lastKnownFileType = sourcecode.c.h; path = ocsp.h; sourceTree = "<group>"; };
		408F42661719C72300C91A92 /* opensslconf.h */ = {isa = PBXFileReference; fileEncoding = 4; lastKnownFileType = sourcecode.c.h; path = opensslconf.h; sourceTree = "<group>"; };
		408F42671719C72300C91A92 /* opensslv.h */ = {isa = PBXFileReference; fileEncoding = 4; lastKnownFileType = sourcecode.c.h; path = opensslv.h; sourceTree = "<group>"; };
		408F42681719C72300C91A92 /* ossl_typ.h */ = {isa = PBXFileReference; fileEncoding = 4; lastKnownFileType = sourcecode.c.h; path = ossl_typ.h; sourceTree = "<group>"; };
		408F42691719C72300C91A92 /* pem.h */ = {isa = PBXFileReference; fileEncoding = 4; lastKnownFileType = sourcecode.c.h; path = pem.h; sourceTree = "<group>"; };
		408F426A1719C72300C91A92 /* pem2.h */ = {isa = PBXFileReference; fileEncoding = 4; lastKnownFileType = sourcecode.c.h; path = pem2.h; sourceTree = "<group>"; };
		408F426B1719C72300C91A92 /* pkcs12.h */ = {isa = PBXFileReference; fileEncoding = 4; lastKnownFileType = sourcecode.c.h; path = pkcs12.h; sourceTree = "<group>"; };
		408F426C1719C72300C91A92 /* pkcs7.h */ = {isa = PBXFileReference; fileEncoding = 4; lastKnownFileType = sourcecode.c.h; path = pkcs7.h; sourceTree = "<group>"; };
		408F426D1719C72300C91A92 /* pqueue.h */ = {isa = PBXFileReference; fileEncoding = 4; lastKnownFileType = sourcecode.c.h; path = pqueue.h; sourceTree = "<group>"; };
		408F426E1719C72300C91A92 /* rand.h */ = {isa = PBXFileReference; fileEncoding = 4; lastKnownFileType = sourcecode.c.h; path = rand.h; sourceTree = "<group>"; };
		408F426F1719C72300C91A92 /* rc2.h */ = {isa = PBXFileReference; fileEncoding = 4; lastKnownFileType = sourcecode.c.h; path = rc2.h; sourceTree = "<group>"; };
		408F42701719C72300C91A92 /* rc4.h */ = {isa = PBXFileReference; fileEncoding = 4; lastKnownFileType = sourcecode.c.h; path = rc4.h; sourceTree = "<group>"; };
		408F42711719C72300C91A92 /* ripemd.h */ = {isa = PBXFileReference; fileEncoding = 4; lastKnownFileType = sourcecode.c.h; path = ripemd.h; sourceTree = "<group>"; };
		408F42721719C72300C91A92 /* rsa.h */ = {isa = PBXFileReference; fileEncoding = 4; lastKnownFileType = sourcecode.c.h; path = rsa.h; sourceTree = "<group>"; };
		408F42731719C72300C91A92 /* safestack.h */ = {isa = PBXFileReference; fileEncoding = 4; lastKnownFileType = sourcecode.c.h; path = safestack.h; sourceTree = "<group>"; };
		408F42741719C72300C91A92 /* seed.h */ = {isa = PBXFileReference; fileEncoding = 4; lastKnownFileType = sourcecode.c.h; path = seed.h; sourceTree = "<group>"; };
		408F42751719C72300C91A92 /* sha.h */ = {isa = PBXFileReference; fileEncoding = 4; lastKnownFileType = sourcecode.c.h; path = sha.h; sourceTree = "<group>"; };
		408F42761719C72300C91A92 /* srp.h */ = {isa = PBXFileReference; fileEncoding = 4; lastKnownFileType = sourcecode.c.h; path = srp.h; sourceTree = "<group>"; };
		408F42771719C72300C91A92 /* srtp.h */ = {isa = PBXFileReference; fileEncoding = 4; lastKnownFileType = sourcecode.c.h; path = srtp.h; sourceTree = "<group>"; };
		408F42781719C72300C91A92 /* ssl.h */ = {isa = PBXFileReference; fileEncoding = 4; lastKnownFileType = sourcecode.c.h; path = ssl.h; sourceTree = "<group>"; };
		408F42791719C72300C91A92 /* ssl2.h */ = {isa = PBXFileReference; fileEncoding = 4; lastKnownFileType = sourcecode.c.h; path = ssl2.h; sourceTree = "<group>"; };
		408F427A1719C72300C91A92 /* ssl23.h */ = {isa = PBXFileReference; fileEncoding = 4; lastKnownFileType = sourcecode.c.h; path = ssl23.h; sourceTree = "<group>"; };
		408F427B1719C72400C91A92 /* ssl3.h */ = {isa = PBXFileReference; fileEncoding = 4; lastKnownFileType = sourcecode.c.h; path = ssl3.h; sourceTree = "<group>"; };
		408F427C1719C72400C91A92 /* stack.h */ = {isa = PBXFileReference; fileEncoding = 4; lastKnownFileType = sourcecode.c.h; path = stack.h; sourceTree = "<group>"; };
		408F427D1719C72400C91A92 /* symhacks.h */ = {isa = PBXFileReference; fileEncoding = 4; lastKnownFileType = sourcecode.c.h; path = symhacks.h; sourceTree = "<group>"; };
		408F427E1719C72400C91A92 /* tls1.h */ = {isa = PBXFileReference; fileEncoding = 4; lastKnownFileType = sourcecode.c.h; path = tls1.h; sourceTree = "<group>"; };
		408F427F1719C72400C91A92 /* ts.h */ = {isa = PBXFileReference; fileEncoding = 4; lastKnownFileType = sourcecode.c.h; path = ts.h; sourceTree = "<group>"; };
		408F42801719C72400C91A92 /* txt_db.h */ = {isa = PBXFileReference; fileEncoding = 4; lastKnownFileType = sourcecode.c.h; path = txt_db.h; sourceTree = "<group>"; };
		408F42811719C72400C91A92 /* ui.h */ = {isa = PBXFileReference; fileEncoding = 4; lastKnownFileType = sourcecode.c.h; path = ui.h; sourceTree = "<group>"; };
		408F42821719C72400C91A92 /* ui_compat.h */ = {isa = PBXFileReference; fileEncoding = 4; lastKnownFileType = sourcecode.c.h; path = ui_compat.h; sourceTree = "<group>"; };
		408F42831719C72400C91A92 /* whrlpool.h */ = {isa = PBXFileReference; fileEncoding = 4; lastKnownFileType = sourcecode.c.h; path = whrlpool.h; sourceTree = "<group>"; };
		408F42841719C72400C91A92 /* x509.h */ = {isa = PBXFileReference; fileEncoding = 4; lastKnownFileType = sourcecode.c.h; path = x509.h; sourceTree = "<group>"; };
		408F42851719C72400C91A92 /* x509_vfy.h */ = {isa = PBXFileReference; fileEncoding = 4; lastKnownFileType = sourcecode.c.h; path = x509_vfy.h; sourceTree = "<group>"; };
		408F42861719C72400C91A92 /* x509v3.h */ = {isa = PBXFileReference; fileEncoding = 4; lastKnownFileType = sourcecode.c.h; path = x509v3.h; sourceTree = "<group>"; };
		408F42871719C93A00C91A92 /* libssl.a */ = {isa = PBXFileReference; lastKnownFileType = archive.ar; name = libssl.a; path = "../../ios-openssl/lib/libssl.a"; sourceTree = "<group>"; };
		408F42891719CABA00C91A92 /* libcrypto.a */ = {isa = PBXFileReference; lastKnownFileType = archive.ar; name = libcrypto.a; path = "../../ios-openssl/lib/libcrypto.a"; sourceTree = "<group>"; };
		40A59C351718E9180095E30E /* AddViewController.h */ = {isa = PBXFileReference; fileEncoding = 4; lastKnownFileType = sourcecode.c.h; path = AddViewController.h; sourceTree = "<group>"; };
		40A59C361718E9180095E30E /* AddViewController.m */ = {isa = PBXFileReference; fileEncoding = 4; lastKnownFileType = sourcecode.c.objc; path = AddViewController.m; sourceTree = "<group>"; };
		40A59C371718E9180095E30E /* AddViewController.xib */ = {isa = PBXFileReference; fileEncoding = 4; lastKnownFileType = file.xib; path = AddViewController.xib; sourceTree = "<group>"; };
		40D0816C1726566C00434EB3 /* srp.c */ = {isa = PBXFileReference; fileEncoding = 4; lastKnownFileType = sourcecode.c.c; path = srp.c; sourceTree = "<group>"; };
		40D0816D1726566C00434EB3 /* srp.h */ = {isa = PBXFileReference; fileEncoding = 4; lastKnownFileType = sourcecode.c.h; path = srp.h; sourceTree = "<group>"; };
		40D0816F172CE5DA00434EB3 /* LoginViewController.h */ = {isa = PBXFileReference; fileEncoding = 4; lastKnownFileType = sourcecode.c.h; path = LoginViewController.h; sourceTree = "<group>"; };
		40D08170172CE5DA00434EB3 /* LoginViewController.m */ = {isa = PBXFileReference; fileEncoding = 4; lastKnownFileType = sourcecode.c.objc; path = LoginViewController.m; sourceTree = "<group>"; };
		40D08171172CE5DA00434EB3 /* LoginViewController.xib */ = {isa = PBXFileReference; fileEncoding = 4; lastKnownFileType = file.xib; path = LoginViewController.xib; sourceTree = "<group>"; };
		40D08175172CEECD00434EB3 /* MeteorClient.h */ = {isa = PBXFileReference; fileEncoding = 4; lastKnownFileType = sourcecode.c.h; path = MeteorClient.h; sourceTree = "<group>"; };
		40D08176172CEECD00434EB3 /* MeteorClient.m */ = {isa = PBXFileReference; fileEncoding = 4; lastKnownFileType = sourcecode.c.objc; path = MeteorClient.m; sourceTree = "<group>"; };
		40D0817C172CF93F00434EB3 /* green_light.png */ = {isa = PBXFileReference; lastKnownFileType = image.png; path = green_light.png; sourceTree = "<group>"; };
		40D0817D172CF93F00434EB3 /* green_light@2x.png */ = {isa = PBXFileReference; lastKnownFileType = image.png; path = "green_light@2x.png"; sourceTree = "<group>"; };
		40D0817E172CF93F00434EB3 /* red_light.png */ = {isa = PBXFileReference; lastKnownFileType = image.png; path = red_light.png; sourceTree = "<group>"; };
		40D0817F172CF93F00434EB3 /* red_light@2x.png */ = {isa = PBXFileReference; lastKnownFileType = image.png; path = "red_light@2x.png"; sourceTree = "<group>"; };
		40D081891731F62D00434EB3 /* ListViewController.h */ = {isa = PBXFileReference; fileEncoding = 4; lastKnownFileType = sourcecode.c.h; path = ListViewController.h; sourceTree = "<group>"; };
		40D0818A1731F62D00434EB3 /* ListViewController.m */ = {isa = PBXFileReference; fileEncoding = 4; lastKnownFileType = sourcecode.c.objc; path = ListViewController.m; sourceTree = "<group>"; };
		40D0818B1731F62D00434EB3 /* ListViewController.xib */ = {isa = PBXFileReference; fileEncoding = 4; lastKnownFileType = file.xib; path = ListViewController.xib; sourceTree = "<group>"; };
		430E02AE27D2CE70426FE529 /* BSONIdGenerator.h */ = {isa = PBXFileReference; fileEncoding = 4; lastKnownFileType = sourcecode.c.h; path = BSONIdGenerator.h; sourceTree = "<group>"; };
		430E0E9A0ECDBAE7D19DE279 /* BSONIdGenerator.m */ = {isa = PBXFileReference; fileEncoding = 4; lastKnownFileType = sourcecode.c.objc; path = BSONIdGenerator.m; sourceTree = "<group>"; };
		56C0A81D083A463FBDF5E25F /* Pods.xcconfig */ = {isa = PBXFileReference; includeInIndex = 1; lastKnownFileType = text.xcconfig; name = Pods.xcconfig; path = Pods/Pods.xcconfig; sourceTree = SOURCE_ROOT; };
		76DEBC654F5B42F786F72A3E /* libPods.a */ = {isa = PBXFileReference; explicitFileType = archive.ar; includeInIndex = 0; path = libPods.a; sourceTree = BUILT_PRODUCTS_DIR; };
/* End PBXFileReference section */

/* Begin PBXFrameworksBuildPhase section */
		401AEB2F170E9B4D008B38EA /* Frameworks */ = {
			isa = PBXFrameworksBuildPhase;
			buildActionMask = 2147483647;
			files = (
				408F428A1719CABA00C91A92 /* libcrypto.a in Frameworks */,
				408F42881719C93A00C91A92 /* libssl.a in Frameworks */,
				401AEB76170E9E08008B38EA /* libicucore.dylib in Frameworks */,
				401AEB7C170E9E28008B38EA /* Security.framework in Frameworks */,
				401AEB7A170E9E20008B38EA /* CFNetwork.framework in Frameworks */,
				401AEB78170E9E16008B38EA /* SystemConfiguration.framework in Frameworks */,
				401AEB36170E9B4D008B38EA /* UIKit.framework in Frameworks */,
				401AEB38170E9B4D008B38EA /* Foundation.framework in Frameworks */,
				401AEB3A170E9B4D008B38EA /* CoreGraphics.framework in Frameworks */,
				1DC6AD6ACE2A462CAEF2650D /* libPods.a in Frameworks */,
			);
			runOnlyForDeploymentPostprocessing = 0;
		};
/* End PBXFrameworksBuildPhase section */

/* Begin PBXGroup section */
		401AEB29170E9B4D008B38EA = {
			isa = PBXGroup;
			children = (
				408F42891719CABA00C91A92 /* libcrypto.a */,
				408F42871719C93A00C91A92 /* libssl.a */,
				401AEB3B170E9B4D008B38EA /* Example */,
				401AEB34170E9B4D008B38EA /* Frameworks */,
				401AEB33170E9B4D008B38EA /* Products */,
				56C0A81D083A463FBDF5E25F /* Pods.xcconfig */,
			);
			sourceTree = "<group>";
		};
		401AEB33170E9B4D008B38EA /* Products */ = {
			isa = PBXGroup;
			children = (
				401AEB32170E9B4D008B38EA /* Example.app */,
			);
			name = Products;
			sourceTree = "<group>";
		};
		401AEB34170E9B4D008B38EA /* Frameworks */ = {
			isa = PBXGroup;
			children = (
				401AEB73170E9DFD008B38EA /* libObjectiveDDP.a */,
				401AEB75170E9E08008B38EA /* libicucore.dylib */,
				401AEB7B170E9E28008B38EA /* Security.framework */,
				401AEB79170E9E20008B38EA /* CFNetwork.framework */,
				401AEB77170E9E16008B38EA /* SystemConfiguration.framework */,
				401AEB35170E9B4D008B38EA /* UIKit.framework */,
				401AEB37170E9B4D008B38EA /* Foundation.framework */,
				401AEB39170E9B4D008B38EA /* CoreGraphics.framework */,
				76DEBC654F5B42F786F72A3E /* libPods.a */,
			);
			name = Frameworks;
			sourceTree = "<group>";
		};
		401AEB3B170E9B4D008B38EA /* Example */ = {
			isa = PBXGroup;
			children = (
				401AEB44170E9B4D008B38EA /* AppDelegate.h */,
				401AEB45170E9B4E008B38EA /* AppDelegate.m */,
				40D08175172CEECD00434EB3 /* MeteorClient.h */,
				40D08176172CEECD00434EB3 /* MeteorClient.m */,
				40D0816B1726566C00434EB3 /* srp */,
				408F423B1719C72300C91A92 /* openssl */,
				40D08174172CE98300434EB3 /* views */,
				408F423A1719C19300C91A92 /* bsonidgenerator */,
				401AEB3C170E9B4D008B38EA /* Supporting Files */,
			);
			path = Example;
			sourceTree = "<group>";
		};
		401AEB3C170E9B4D008B38EA /* Supporting Files */ = {
			isa = PBXGroup;
			children = (
				40D0817C172CF93F00434EB3 /* green_light.png */,
				40D0817D172CF93F00434EB3 /* green_light@2x.png */,
				40D0817E172CF93F00434EB3 /* red_light.png */,
				40D0817F172CF93F00434EB3 /* red_light@2x.png */,
				401AEB3D170E9B4D008B38EA /* Example-Info.plist */,
				401AEB3E170E9B4D008B38EA /* InfoPlist.strings */,
				401AEB41170E9B4D008B38EA /* main.m */,
				401AEB43170E9B4D008B38EA /* Example-Prefix.pch */,
				401AEB47170E9B4E008B38EA /* Default.png */,
				401AEB49170E9B4E008B38EA /* Default@2x.png */,
				401AEB4B170E9B4E008B38EA /* Default-568h@2x.png */,
			);
			name = "Supporting Files";
			sourceTree = "<group>";
		};
		408F423A1719C19300C91A92 /* bsonidgenerator */ = {
			isa = PBXGroup;
			children = (
				430E02AE27D2CE70426FE529 /* BSONIdGenerator.h */,
				430E0E9A0ECDBAE7D19DE279 /* BSONIdGenerator.m */,
			);
			name = bsonidgenerator;
			sourceTree = "<group>";
		};
		408F423B1719C72300C91A92 /* openssl */ = {
			isa = PBXGroup;
			children = (
				408F423C1719C72300C91A92 /* aes.h */,
				408F423D1719C72300C91A92 /* asn1.h */,
				408F423E1719C72300C91A92 /* asn1_mac.h */,
				408F423F1719C72300C91A92 /* asn1t.h */,
				408F42401719C72300C91A92 /* bio.h */,
				408F42411719C72300C91A92 /* blowfish.h */,
				408F42421719C72300C91A92 /* bn.h */,
				408F42431719C72300C91A92 /* buffer.h */,
				408F42441719C72300C91A92 /* camellia.h */,
				408F42451719C72300C91A92 /* cast.h */,
				408F42461719C72300C91A92 /* cmac.h */,
				408F42471719C72300C91A92 /* cms.h */,
				408F42481719C72300C91A92 /* comp.h */,
				408F42491719C72300C91A92 /* conf.h */,
				408F424A1719C72300C91A92 /* conf_api.h */,
				408F424B1719C72300C91A92 /* crypto.h */,
				408F424C1719C72300C91A92 /* des.h */,
				408F424D1719C72300C91A92 /* des_old.h */,
				408F424E1719C72300C91A92 /* dh.h */,
				408F424F1719C72300C91A92 /* dsa.h */,
				408F42501719C72300C91A92 /* dso.h */,
				408F42511719C72300C91A92 /* dtls1.h */,
				408F42521719C72300C91A92 /* e_os2.h */,
				408F42531719C72300C91A92 /* ebcdic.h */,
				408F42541719C72300C91A92 /* ec.h */,
				408F42551719C72300C91A92 /* ecdh.h */,
				408F42561719C72300C91A92 /* ecdsa.h */,
				408F42571719C72300C91A92 /* engine.h */,
				408F42581719C72300C91A92 /* err.h */,
				408F42591719C72300C91A92 /* evp.h */,
				408F425A1719C72300C91A92 /* hmac.h */,
				408F425B1719C72300C91A92 /* idea.h */,
				408F425C1719C72300C91A92 /* krb5_asn.h */,
				408F425D1719C72300C91A92 /* kssl.h */,
				408F425E1719C72300C91A92 /* lhash.h */,
				408F425F1719C72300C91A92 /* md4.h */,
				408F42601719C72300C91A92 /* md5.h */,
				408F42611719C72300C91A92 /* mdc2.h */,
				408F42621719C72300C91A92 /* modes.h */,
				408F42631719C72300C91A92 /* obj_mac.h */,
				408F42641719C72300C91A92 /* objects.h */,
				408F42651719C72300C91A92 /* ocsp.h */,
				408F42661719C72300C91A92 /* opensslconf.h */,
				408F42671719C72300C91A92 /* opensslv.h */,
				408F42681719C72300C91A92 /* ossl_typ.h */,
				408F42691719C72300C91A92 /* pem.h */,
				408F426A1719C72300C91A92 /* pem2.h */,
				408F426B1719C72300C91A92 /* pkcs12.h */,
				408F426C1719C72300C91A92 /* pkcs7.h */,
				408F426D1719C72300C91A92 /* pqueue.h */,
				408F426E1719C72300C91A92 /* rand.h */,
				408F426F1719C72300C91A92 /* rc2.h */,
				408F42701719C72300C91A92 /* rc4.h */,
				408F42711719C72300C91A92 /* ripemd.h */,
				408F42721719C72300C91A92 /* rsa.h */,
				408F42731719C72300C91A92 /* safestack.h */,
				408F42741719C72300C91A92 /* seed.h */,
				408F42751719C72300C91A92 /* sha.h */,
				408F42761719C72300C91A92 /* srp.h */,
				408F42771719C72300C91A92 /* srtp.h */,
				408F42781719C72300C91A92 /* ssl.h */,
				408F42791719C72300C91A92 /* ssl2.h */,
				408F427A1719C72300C91A92 /* ssl23.h */,
				408F427B1719C72400C91A92 /* ssl3.h */,
				408F427C1719C72400C91A92 /* stack.h */,
				408F427D1719C72400C91A92 /* symhacks.h */,
				408F427E1719C72400C91A92 /* tls1.h */,
				408F427F1719C72400C91A92 /* ts.h */,
				408F42801719C72400C91A92 /* txt_db.h */,
				408F42811719C72400C91A92 /* ui.h */,
				408F42821719C72400C91A92 /* ui_compat.h */,
				408F42831719C72400C91A92 /* whrlpool.h */,
				408F42841719C72400C91A92 /* x509.h */,
				408F42851719C72400C91A92 /* x509_vfy.h */,
				408F42861719C72400C91A92 /* x509v3.h */,
			);
			path = openssl;
			sourceTree = "<group>";
		};
		40D0816B1726566C00434EB3 /* srp */ = {
			isa = PBXGroup;
			children = (
				40D0816C1726566C00434EB3 /* srp.c */,
				40D0816D1726566C00434EB3 /* srp.h */,
			);
			path = srp;
			sourceTree = "<group>";
		};
		40D08174172CE98300434EB3 /* views */ = {
			isa = PBXGroup;
			children = (
				40A59C351718E9180095E30E /* AddViewController.h */,
				40A59C361718E9180095E30E /* AddViewController.m */,
				40A59C371718E9180095E30E /* AddViewController.xib */,
				401AEB4D170E9B4E008B38EA /* ViewController.h */,
				401AEB4E170E9B4E008B38EA /* ViewController.m */,
				401AEB50170E9B4E008B38EA /* ViewController.xib */,
				40D0816F172CE5DA00434EB3 /* LoginViewController.h */,
				40D08170172CE5DA00434EB3 /* LoginViewController.m */,
				40D08171172CE5DA00434EB3 /* LoginViewController.xib */,
				40D081891731F62D00434EB3 /* ListViewController.h */,
				40D0818A1731F62D00434EB3 /* ListViewController.m */,
				40D0818B1731F62D00434EB3 /* ListViewController.xib */,
			);
			name = views;
			sourceTree = "<group>";
		};
/* End PBXGroup section */

/* Begin PBXNativeTarget section */
		401AEB31170E9B4D008B38EA /* Example */ = {
			isa = PBXNativeTarget;
			buildConfigurationList = 401AEB55170E9B4E008B38EA /* Build configuration list for PBXNativeTarget "Example" */;
			buildPhases = (
				401AEB2E170E9B4D008B38EA /* Sources */,
				401AEB2F170E9B4D008B38EA /* Frameworks */,
				401AEB30170E9B4D008B38EA /* Resources */,
				7D0C1CD016D249AA83F2E89B /* Copy Pods Resources */,
				92E3AEF48169472B899DADF0 /* Copy Pods Resources */,
			);
			buildRules = (
			);
			dependencies = (
			);
			name = Example;
			productName = Example;
			productReference = 401AEB32170E9B4D008B38EA /* Example.app */;
			productType = "com.apple.product-type.application";
		};
/* End PBXNativeTarget section */

/* Begin PBXProject section */
		401AEB2A170E9B4D008B38EA /* Project object */ = {
			isa = PBXProject;
			attributes = {
				LastUpgradeCheck = 0460;
				ORGANIZATIONNAME = Rebounds;
			};
			buildConfigurationList = 401AEB2D170E9B4D008B38EA /* Build configuration list for PBXProject "Example" */;
			compatibilityVersion = "Xcode 3.2";
			developmentRegion = English;
			hasScannedForEncodings = 0;
			knownRegions = (
				en,
			);
			mainGroup = 401AEB29170E9B4D008B38EA;
			productRefGroup = 401AEB33170E9B4D008B38EA /* Products */;
			projectDirPath = "";
			projectRoot = "";
			targets = (
				401AEB31170E9B4D008B38EA /* Example */,
			);
		};
/* End PBXProject section */

/* Begin PBXResourcesBuildPhase section */
		401AEB30170E9B4D008B38EA /* Resources */ = {
			isa = PBXResourcesBuildPhase;
			buildActionMask = 2147483647;
			files = (
				401AEB40170E9B4D008B38EA /* InfoPlist.strings in Resources */,
				401AEB48170E9B4E008B38EA /* Default.png in Resources */,
				401AEB4A170E9B4E008B38EA /* Default@2x.png in Resources */,
				401AEB4C170E9B4E008B38EA /* Default-568h@2x.png in Resources */,
				401AEB52170E9B4E008B38EA /* ViewController.xib in Resources */,
				40A59C391718E9180095E30E /* AddViewController.xib in Resources */,
				40D08173172CE5DA00434EB3 /* LoginViewController.xib in Resources */,
				40D08180172CF93F00434EB3 /* green_light.png in Resources */,
				40D08181172CF93F00434EB3 /* green_light@2x.png in Resources */,
				40D08182172CF93F00434EB3 /* red_light.png in Resources */,
				40D08183172CF93F00434EB3 /* red_light@2x.png in Resources */,
				40D0818D1731F62D00434EB3 /* ListViewController.xib in Resources */,
			);
			runOnlyForDeploymentPostprocessing = 0;
		};
/* End PBXResourcesBuildPhase section */

/* Begin PBXShellScriptBuildPhase section */
		7D0C1CD016D249AA83F2E89B /* Copy Pods Resources */ = {
			isa = PBXShellScriptBuildPhase;
			buildActionMask = 2147483647;
			files = (
			);
			inputPaths = (
			);
			name = "Copy Pods Resources";
			outputPaths = (
			);
			runOnlyForDeploymentPostprocessing = 0;
			shellPath = /bin/sh;
			shellScript = "\"${SRCROOT}/Pods/Pods-resources.sh\"\n";
		};
		92E3AEF48169472B899DADF0 /* Copy Pods Resources */ = {
			isa = PBXShellScriptBuildPhase;
			buildActionMask = 2147483647;
			files = (
			);
			inputPaths = (
			);
			name = "Copy Pods Resources";
			outputPaths = (
			);
			runOnlyForDeploymentPostprocessing = 0;
			shellPath = /bin/sh;
			shellScript = "\"${SRCROOT}/Pods/Pods-resources.sh\"\n";
		};
/* End PBXShellScriptBuildPhase section */

/* Begin PBXSourcesBuildPhase section */
		401AEB2E170E9B4D008B38EA /* Sources */ = {
			isa = PBXSourcesBuildPhase;
			buildActionMask = 2147483647;
			files = (
				401AEB42170E9B4D008B38EA /* main.m in Sources */,
				401AEB46170E9B4E008B38EA /* AppDelegate.m in Sources */,
				401AEB4F170E9B4E008B38EA /* ViewController.m in Sources */,
				40A59C381718E9180095E30E /* AddViewController.m in Sources */,
				430E0D74939F6EDF3BD81A8B /* BSONIdGenerator.m in Sources */,
				40D0816E1726566C00434EB3 /* srp.c in Sources */,
				40D08172172CE5DA00434EB3 /* LoginViewController.m in Sources */,
				40D08177172CEECD00434EB3 /* MeteorClient.m in Sources */,
				40D0818C1731F62D00434EB3 /* ListViewController.m in Sources */,
			);
			runOnlyForDeploymentPostprocessing = 0;
		};
/* End PBXSourcesBuildPhase section */

/* Begin PBXVariantGroup section */
		401AEB3E170E9B4D008B38EA /* InfoPlist.strings */ = {
			isa = PBXVariantGroup;
			children = (
				401AEB3F170E9B4D008B38EA /* en */,
			);
			name = InfoPlist.strings;
			sourceTree = "<group>";
		};
		401AEB50170E9B4E008B38EA /* ViewController.xib */ = {
			isa = PBXVariantGroup;
			children = (
				401AEB51170E9B4E008B38EA /* en */,
			);
			name = ViewController.xib;
			sourceTree = "<group>";
		};
/* End PBXVariantGroup section */

/* Begin XCBuildConfiguration section */
		401AEB53170E9B4E008B38EA /* Debug */ = {
			isa = XCBuildConfiguration;
			buildSettings = {
				ALWAYS_SEARCH_USER_PATHS = NO;
				CLANG_CXX_LANGUAGE_STANDARD = "gnu++0x";
				CLANG_CXX_LIBRARY = "libc++";
				CLANG_ENABLE_OBJC_ARC = YES;
				CLANG_WARN_CONSTANT_CONVERSION = YES;
				CLANG_WARN_EMPTY_BODY = YES;
				CLANG_WARN_ENUM_CONVERSION = YES;
				CLANG_WARN_INT_CONVERSION = YES;
				CLANG_WARN__DUPLICATE_METHOD_MATCH = YES;
				"CODE_SIGN_IDENTITY[sdk=iphoneos*]" = "iPhone Developer";
				COPY_PHASE_STRIP = NO;
				GCC_C_LANGUAGE_STANDARD = gnu99;
				GCC_DYNAMIC_NO_PIC = NO;
				GCC_OPTIMIZATION_LEVEL = 0;
				GCC_PREPROCESSOR_DEFINITIONS = (
					"DEBUG=1",
					"$(inherited)",
				);
				GCC_SYMBOLS_PRIVATE_EXTERN = NO;
				GCC_WARN_ABOUT_RETURN_TYPE = YES;
				GCC_WARN_UNINITIALIZED_AUTOS = YES;
				GCC_WARN_UNUSED_VARIABLE = YES;
				IPHONEOS_DEPLOYMENT_TARGET = 6.1;
				ONLY_ACTIVE_ARCH = YES;
				SDKROOT = iphoneos;
			};
			name = Debug;
		};
		401AEB54170E9B4E008B38EA /* Release */ = {
			isa = XCBuildConfiguration;
			buildSettings = {
				ALWAYS_SEARCH_USER_PATHS = NO;
				CLANG_CXX_LANGUAGE_STANDARD = "gnu++0x";
				CLANG_CXX_LIBRARY = "libc++";
				CLANG_ENABLE_OBJC_ARC = YES;
				CLANG_WARN_CONSTANT_CONVERSION = YES;
				CLANG_WARN_EMPTY_BODY = YES;
				CLANG_WARN_ENUM_CONVERSION = YES;
				CLANG_WARN_INT_CONVERSION = YES;
				CLANG_WARN__DUPLICATE_METHOD_MATCH = YES;
				"CODE_SIGN_IDENTITY[sdk=iphoneos*]" = "iPhone Developer";
				COPY_PHASE_STRIP = YES;
				GCC_C_LANGUAGE_STANDARD = gnu99;
				GCC_WARN_ABOUT_RETURN_TYPE = YES;
				GCC_WARN_UNINITIALIZED_AUTOS = YES;
				GCC_WARN_UNUSED_VARIABLE = YES;
				IPHONEOS_DEPLOYMENT_TARGET = 6.1;
				OTHER_CFLAGS = "-DNS_BLOCK_ASSERTIONS=1";
				SDKROOT = iphoneos;
				VALIDATE_PRODUCT = YES;
			};
			name = Release;
		};
		401AEB56170E9B4E008B38EA /* Debug */ = {
			isa = XCBuildConfiguration;
			baseConfigurationReference = 56C0A81D083A463FBDF5E25F /* Pods.xcconfig */;
			buildSettings = {
				GCC_PRECOMPILE_PREFIX_HEADER = YES;
				GCC_PREFIX_HEADER = "Example/Example-Prefix.pch";
				HEADER_SEARCH_PATHS = (
					"Example/**",
					"${PODS_HEADERS_SEARCH_PATHS}",
				);
				INFOPLIST_FILE = "Example/Example-Info.plist";
				LIBRARY_SEARCH_PATHS = (
					"$(inherited)",
					"\"$(SRCROOT)/../../../../Library/Developer/Xcode/DerivedData/ObjectiveDDP-fbjuojybfxkaafeddpfidrvkqmuz/Build/Products/Debug-iphoneos\"",
					"\"$(SDKROOT)/usr/lib/system\"",
					"\"$(SRCROOT)/Example\"",
					"\"$(SRCROOT)/../../ios-openssl/lib\"",
				);
				OTHER_LDFLAGS = "-ObjC";
				PRODUCT_NAME = "$(TARGET_NAME)";
				USER_HEADER_SEARCH_PATHS = "";
				WRAPPER_EXTENSION = app;
			};
			name = Debug;
		};
		401AEB57170E9B4E008B38EA /* Release */ = {
			isa = XCBuildConfiguration;
			baseConfigurationReference = 56C0A81D083A463FBDF5E25F /* Pods.xcconfig */;
			buildSettings = {
				GCC_PRECOMPILE_PREFIX_HEADER = YES;
				GCC_PREFIX_HEADER = "Example/Example-Prefix.pch";
				HEADER_SEARCH_PATHS = (
					"Example/**",
					"${PODS_HEADERS_SEARCH_PATHS}",
				);
				INFOPLIST_FILE = "Example/Example-Info.plist";
				LIBRARY_SEARCH_PATHS = (
					"$(inherited)",
					"\"$(SRCROOT)/../../../../Library/Developer/Xcode/DerivedData/ObjectiveDDP-fbjuojybfxkaafeddpfidrvkqmuz/Build/Products/Debug-iphoneos\"",
					"\"$(SDKROOT)/usr/lib/system\"",
					"\"$(SRCROOT)/Example\"",
					"\"$(SRCROOT)/../../ios-openssl/lib\"",
				);
				OTHER_LDFLAGS = "-ObjC";
				PRODUCT_NAME = "$(TARGET_NAME)";
				USER_HEADER_SEARCH_PATHS = "";
				WRAPPER_EXTENSION = app;
			};
			name = Release;
		};
/* End XCBuildConfiguration section */

/* Begin XCConfigurationList section */
		401AEB2D170E9B4D008B38EA /* Build configuration list for PBXProject "Example" */ = {
			isa = XCConfigurationList;
			buildConfigurations = (
				401AEB53170E9B4E008B38EA /* Debug */,
				401AEB54170E9B4E008B38EA /* Release */,
			);
			defaultConfigurationIsVisible = 0;
			defaultConfigurationName = Release;
		};
		401AEB55170E9B4E008B38EA /* Build configuration list for PBXNativeTarget "Example" */ = {
			isa = XCConfigurationList;
			buildConfigurations = (
				401AEB56170E9B4E008B38EA /* Debug */,
				401AEB57170E9B4E008B38EA /* Release */,
			);
			defaultConfigurationIsVisible = 0;
			defaultConfigurationName = Release;
		};
/* End XCConfigurationList section */
	};
	rootObject = 401AEB2A170E9B4D008B38EA /* Project object */;
}
