// !$*UTF8*$!
{
	archiveVersion = 1;
	classes = {
	};
	objectVersion = 46;
	objects = {

/* Begin PBXBuildFile section */
		0B3B61448B57250B0026C6F1 /* libPods.a in Frameworks */ = {isa = PBXBuildFile; fileRef = F8D62AFA66EC41C7B554BB8B /* libPods.a */; };
		EAC693A319EC94C000F0627B /* main.m in Sources */ = {isa = PBXBuildFile; fileRef = EAC693A219EC94C000F0627B /* main.m */; };
		EAC693A619EC94C000F0627B /* AppDelegate.m in Sources */ = {isa = PBXBuildFile; fileRef = EAC693A519EC94C000F0627B /* AppDelegate.m */; };
		EAC693A919EC94C000F0627B /* ViewController.m in Sources */ = {isa = PBXBuildFile; fileRef = EAC693A819EC94C000F0627B /* ViewController.m */; };
		EAC693AE19EC94C000F0627B /* Images.xcassets in Resources */ = {isa = PBXBuildFile; fileRef = EAC693AD19EC94C000F0627B /* Images.xcassets */; };
		EAC693C919EC94EC00F0627B /* AddViewController.m in Sources */ = {isa = PBXBuildFile; fileRef = EAC693C719EC94EC00F0627B /* AddViewController.m */; };
		EAC693CA19EC94EC00F0627B /* AddViewController.xib in Resources */ = {isa = PBXBuildFile; fileRef = EAC693C819EC94EC00F0627B /* AddViewController.xib */; };
		EAC693D119EC94F700F0627B /* ListViewController.m in Sources */ = {isa = PBXBuildFile; fileRef = EAC693CC19EC94F700F0627B /* ListViewController.m */; };
		EAC693D219EC94F700F0627B /* ListViewController.xib in Resources */ = {isa = PBXBuildFile; fileRef = EAC693CD19EC94F700F0627B /* ListViewController.xib */; };
		EAC693D319EC94F700F0627B /* LoginViewController.m in Sources */ = {isa = PBXBuildFile; fileRef = EAC693CF19EC94F700F0627B /* LoginViewController.m */; };
		EAC693D419EC94F700F0627B /* LoginViewController.xib in Resources */ = {isa = PBXBuildFile; fileRef = EAC693D019EC94F700F0627B /* LoginViewController.xib */; };
		EAC693DA19EC95A700F0627B /* InfoPlist.strings in Resources */ = {isa = PBXBuildFile; fileRef = EAC693D619EC95A700F0627B /* InfoPlist.strings */; };
		EAC693DD19EC95C800F0627B /* ViewController.xib in Resources */ = {isa = PBXBuildFile; fileRef = EAC693DC19EC95C800F0627B /* ViewController.xib */; };
/* End PBXBuildFile section */

/* Begin PBXFileReference section */
		7548EC47874C5A256237302C /* Pods.release.xcconfig */ = {isa = PBXFileReference; includeInIndex = 1; lastKnownFileType = text.xcconfig; name = Pods.release.xcconfig; path = "Pods/Target Support Files/Pods/Pods.release.xcconfig"; sourceTree = "<group>"; };
		831424A6A73DAFA3814E1212 /* Pods.debug.xcconfig */ = {isa = PBXFileReference; includeInIndex = 1; lastKnownFileType = text.xcconfig; name = Pods.debug.xcconfig; path = "Pods/Target Support Files/Pods/Pods.debug.xcconfig"; sourceTree = "<group>"; };
		EAC6939D19EC94C000F0627B /* Example.app */ = {isa = PBXFileReference; explicitFileType = wrapper.application; includeInIndex = 0; path = Example.app; sourceTree = BUILT_PRODUCTS_DIR; };
		EAC693A119EC94C000F0627B /* Info.plist */ = {isa = PBXFileReference; lastKnownFileType = text.plist.xml; path = Info.plist; sourceTree = "<group>"; };
		EAC693A219EC94C000F0627B /* main.m */ = {isa = PBXFileReference; lastKnownFileType = sourcecode.c.objc; path = main.m; sourceTree = "<group>"; };
		EAC693A419EC94C000F0627B /* AppDelegate.h */ = {isa = PBXFileReference; lastKnownFileType = sourcecode.c.h; path = AppDelegate.h; sourceTree = "<group>"; };
		EAC693A519EC94C000F0627B /* AppDelegate.m */ = {isa = PBXFileReference; lastKnownFileType = sourcecode.c.objc; path = AppDelegate.m; sourceTree = "<group>"; };
		EAC693A719EC94C000F0627B /* ViewController.h */ = {isa = PBXFileReference; lastKnownFileType = sourcecode.c.h; path = ViewController.h; sourceTree = "<group>"; };
		EAC693A819EC94C000F0627B /* ViewController.m */ = {isa = PBXFileReference; lastKnownFileType = sourcecode.c.objc; path = ViewController.m; sourceTree = "<group>"; };
		EAC693AD19EC94C000F0627B /* Images.xcassets */ = {isa = PBXFileReference; lastKnownFileType = folder.assetcatalog; path = Images.xcassets; sourceTree = "<group>"; };
		EAC693C619EC94EC00F0627B /* AddViewController.h */ = {isa = PBXFileReference; fileEncoding = 4; lastKnownFileType = sourcecode.c.h; path = AddViewController.h; sourceTree = "<group>"; };
		EAC693C719EC94EC00F0627B /* AddViewController.m */ = {isa = PBXFileReference; fileEncoding = 4; lastKnownFileType = sourcecode.c.objc; path = AddViewController.m; sourceTree = "<group>"; };
		EAC693C819EC94EC00F0627B /* AddViewController.xib */ = {isa = PBXFileReference; fileEncoding = 4; lastKnownFileType = file.xib; path = AddViewController.xib; sourceTree = "<group>"; };
		EAC693CB19EC94F700F0627B /* ListViewController.h */ = {isa = PBXFileReference; fileEncoding = 4; lastKnownFileType = sourcecode.c.h; path = ListViewController.h; sourceTree = "<group>"; };
		EAC693CC19EC94F700F0627B /* ListViewController.m */ = {isa = PBXFileReference; fileEncoding = 4; lastKnownFileType = sourcecode.c.objc; path = ListViewController.m; sourceTree = "<group>"; };
		EAC693CD19EC94F700F0627B /* ListViewController.xib */ = {isa = PBXFileReference; fileEncoding = 4; lastKnownFileType = file.xib; path = ListViewController.xib; sourceTree = "<group>"; };
		EAC693CE19EC94F700F0627B /* LoginViewController.h */ = {isa = PBXFileReference; fileEncoding = 4; lastKnownFileType = sourcecode.c.h; path = LoginViewController.h; sourceTree = "<group>"; };
		EAC693CF19EC94F700F0627B /* LoginViewController.m */ = {isa = PBXFileReference; fileEncoding = 4; lastKnownFileType = sourcecode.c.objc; path = LoginViewController.m; sourceTree = "<group>"; };
		EAC693D019EC94F700F0627B /* LoginViewController.xib */ = {isa = PBXFileReference; fileEncoding = 4; lastKnownFileType = file.xib; path = LoginViewController.xib; sourceTree = "<group>"; };
		EAC693D719EC95A700F0627B /* en */ = {isa = PBXFileReference; lastKnownFileType = text.plist.strings; name = en; path = InfoPlist.strings; sourceTree = "<group>"; };
		EAC693DC19EC95C800F0627B /* ViewController.xib */ = {isa = PBXFileReference; fileEncoding = 4; lastKnownFileType = file.xib; path = ViewController.xib; sourceTree = "<group>"; };
		F8D62AFA66EC41C7B554BB8B /* libPods.a */ = {isa = PBXFileReference; explicitFileType = archive.ar; includeInIndex = 0; path = libPods.a; sourceTree = BUILT_PRODUCTS_DIR; };
/* End PBXFileReference section */

/* Begin PBXFrameworksBuildPhase section */
		EAC6939A19EC94C000F0627B /* Frameworks */ = {
			isa = PBXFrameworksBuildPhase;
			buildActionMask = 2147483647;
			files = (
				0B3B61448B57250B0026C6F1 /* libPods.a in Frameworks */,
			);
			runOnlyForDeploymentPostprocessing = 0;
		};
/* End PBXFrameworksBuildPhase section */

/* Begin PBXGroup section */
		0665AB3D930148AD9C6AF02D /* Frameworks */ = {
			isa = PBXGroup;
			children = (
				F8D62AFA66EC41C7B554BB8B /* libPods.a */,
			);
			name = Frameworks;
			sourceTree = "<group>";
		};
		1CE09A3E15BC83048B99A0FD /* Pods */ = {
			isa = PBXGroup;
			children = (
				831424A6A73DAFA3814E1212 /* Pods.debug.xcconfig */,
				7548EC47874C5A256237302C /* Pods.release.xcconfig */,
			);
			name = Pods;
			sourceTree = "<group>";
		};
		EAC6939419EC94C000F0627B = {
			isa = PBXGroup;
			children = (
				EAC6939F19EC94C000F0627B /* Example */,
				EAC6939E19EC94C000F0627B /* Products */,
				1CE09A3E15BC83048B99A0FD /* Pods */,
				0665AB3D930148AD9C6AF02D /* Frameworks */,
			);
			sourceTree = "<group>";
		};
		EAC6939E19EC94C000F0627B /* Products */ = {
			isa = PBXGroup;
			children = (
				EAC6939D19EC94C000F0627B /* Example.app */,
			);
			name = Products;
			sourceTree = "<group>";
		};
		EAC6939F19EC94C000F0627B /* Example */ = {
			isa = PBXGroup;
			children = (
				EAC693CB19EC94F700F0627B /* ListViewController.h */,
				EAC693CC19EC94F700F0627B /* ListViewController.m */,
				EAC693CD19EC94F700F0627B /* ListViewController.xib */,
				EAC693CE19EC94F700F0627B /* LoginViewController.h */,
				EAC693CF19EC94F700F0627B /* LoginViewController.m */,
				EAC693D019EC94F700F0627B /* LoginViewController.xib */,
				EAC693D519EC95A700F0627B /* en.lproj */,
				EAC693C619EC94EC00F0627B /* AddViewController.h */,
				EAC693C719EC94EC00F0627B /* AddViewController.m */,
				EAC693C819EC94EC00F0627B /* AddViewController.xib */,
				EAC693A419EC94C000F0627B /* AppDelegate.h */,
				EAC693A519EC94C000F0627B /* AppDelegate.m */,
				EAC693A719EC94C000F0627B /* ViewController.h */,
				EAC693A819EC94C000F0627B /* ViewController.m */,
				EAC693DC19EC95C800F0627B /* ViewController.xib */,
				EAC693AD19EC94C000F0627B /* Images.xcassets */,
				EAC693A019EC94C000F0627B /* Supporting Files */,
			);
			path = Example;
			sourceTree = "<group>";
		};
		EAC693A019EC94C000F0627B /* Supporting Files */ = {
			isa = PBXGroup;
			children = (
				EAC693A119EC94C000F0627B /* Info.plist */,
				EAC693A219EC94C000F0627B /* main.m */,
			);
			name = "Supporting Files";
			sourceTree = "<group>";
		};
		EAC693D519EC95A700F0627B /* en.lproj */ = {
			isa = PBXGroup;
			children = (
				EAC693D619EC95A700F0627B /* InfoPlist.strings */,
			);
			path = en.lproj;
			sourceTree = "<group>";
		};
/* End PBXGroup section */

/* Begin PBXNativeTarget section */
		EAC6939C19EC94C000F0627B /* Example */ = {
			isa = PBXNativeTarget;
			buildConfigurationList = EAC693C019EC94C000F0627B /* Build configuration list for PBXNativeTarget "Example" */;
			buildPhases = (
				E824E0346DA8AEFE30585424 /* Check Pods Manifest.lock */,
				EAC6939919EC94C000F0627B /* Sources */,
				EAC6939A19EC94C000F0627B /* Frameworks */,
				EAC6939B19EC94C000F0627B /* Resources */,
				7E1438145A4311B6E1F83379 /* Copy Pods Resources */,
			);
			buildRules = (
			);
			dependencies = (
			);
			name = Example;
			productName = Example;
			productReference = EAC6939D19EC94C000F0627B /* Example.app */;
			productType = "com.apple.product-type.application";
		};
/* End PBXNativeTarget section */

/* Begin PBXProject section */
		EAC6939519EC94C000F0627B /* Project object */ = {
			isa = PBXProject;
			attributes = {
				LastUpgradeCheck = 0600;
				ORGANIZATIONNAME = "Jesse Bounds";
				TargetAttributes = {
					EAC6939C19EC94C000F0627B = {
						CreatedOnToolsVersion = 6.0.1;
					};
				};
			};
			buildConfigurationList = EAC6939819EC94C000F0627B /* Build configuration list for PBXProject "Example" */;
			compatibilityVersion = "Xcode 3.2";
			developmentRegion = English;
			hasScannedForEncodings = 0;
			knownRegions = (
				en,
				Base,
			);
			mainGroup = EAC6939419EC94C000F0627B;
			productRefGroup = EAC6939E19EC94C000F0627B /* Products */;
			projectDirPath = "";
			projectRoot = "";
			targets = (
				EAC6939C19EC94C000F0627B /* Example */,
			);
		};
/* End PBXProject section */

/* Begin PBXResourcesBuildPhase section */
		EAC6939B19EC94C000F0627B /* Resources */ = {
			isa = PBXResourcesBuildPhase;
			buildActionMask = 2147483647;
			files = (
				EAC693D419EC94F700F0627B /* LoginViewController.xib in Resources */,
				EAC693CA19EC94EC00F0627B /* AddViewController.xib in Resources */,
				EAC693AE19EC94C000F0627B /* Images.xcassets in Resources */,
				EAC693D219EC94F700F0627B /* ListViewController.xib in Resources */,
				EAC693DD19EC95C800F0627B /* ViewController.xib in Resources */,
				EAC693DA19EC95A700F0627B /* InfoPlist.strings in Resources */,
			);
			runOnlyForDeploymentPostprocessing = 0;
		};
/* End PBXResourcesBuildPhase section */

/* Begin PBXShellScriptBuildPhase section */
		7E1438145A4311B6E1F83379 /* Copy Pods Resources */ = {
			isa = PBXShellScriptBuildPhase;
			buildActionMask = 2147483647;
			files = (
			);
			inputPaths = (
			);
			name = "Copy Pods Resources";
			outputPaths = (
			);
			runOnlyForDeploymentPostprocessing = 0;
			shellPath = /bin/sh;
			shellScript = "\"${SRCROOT}/Pods/Target Support Files/Pods/Pods-resources.sh\"\n";
			showEnvVarsInLog = 0;
		};
		E824E0346DA8AEFE30585424 /* Check Pods Manifest.lock */ = {
			isa = PBXShellScriptBuildPhase;
			buildActionMask = 2147483647;
			files = (
			);
			inputPaths = (
			);
			name = "Check Pods Manifest.lock";
			outputPaths = (
			);
			runOnlyForDeploymentPostprocessing = 0;
			shellPath = /bin/sh;
			shellScript = "diff \"${PODS_ROOT}/../Podfile.lock\" \"${PODS_ROOT}/Manifest.lock\" > /dev/null\nif [[ $? != 0 ]] ; then\n    cat << EOM\nerror: The sandbox is not in sync with the Podfile.lock. Run 'pod install' or update your CocoaPods installation.\nEOM\n    exit 1\nfi\n";
			showEnvVarsInLog = 0;
		};
/* End PBXShellScriptBuildPhase section */

/* Begin PBXSourcesBuildPhase section */
		EAC6939919EC94C000F0627B /* Sources */ = {
			isa = PBXSourcesBuildPhase;
			buildActionMask = 2147483647;
			files = (
				EAC693D119EC94F700F0627B /* ListViewController.m in Sources */,
				EAC693A919EC94C000F0627B /* ViewController.m in Sources */,
				EAC693D319EC94F700F0627B /* LoginViewController.m in Sources */,
				EAC693A619EC94C000F0627B /* AppDelegate.m in Sources */,
				EAC693C919EC94EC00F0627B /* AddViewController.m in Sources */,
				EAC693A319EC94C000F0627B /* main.m in Sources */,
			);
			runOnlyForDeploymentPostprocessing = 0;
		};
/* End PBXSourcesBuildPhase section */

/* Begin PBXVariantGroup section */
		EAC693D619EC95A700F0627B /* InfoPlist.strings */ = {
			isa = PBXVariantGroup;
			children = (
				EAC693D719EC95A700F0627B /* en */,
			);
			name = InfoPlist.strings;
			sourceTree = "<group>";
		};
/* End PBXVariantGroup section */

/* Begin XCBuildConfiguration section */
		EAC693BE19EC94C000F0627B /* Debug */ = {
			isa = XCBuildConfiguration;
			buildSettings = {
				ALWAYS_SEARCH_USER_PATHS = NO;
				CLANG_CXX_LANGUAGE_STANDARD = "gnu++0x";
				CLANG_CXX_LIBRARY = "libc++";
				CLANG_ENABLE_MODULES = YES;
				CLANG_ENABLE_OBJC_ARC = YES;
				CLANG_WARN_BOOL_CONVERSION = YES;
				CLANG_WARN_CONSTANT_CONVERSION = YES;
				CLANG_WARN_DIRECT_OBJC_ISA_USAGE = YES_ERROR;
				CLANG_WARN_EMPTY_BODY = YES;
				CLANG_WARN_ENUM_CONVERSION = YES;
				CLANG_WARN_INT_CONVERSION = YES;
				CLANG_WARN_OBJC_ROOT_CLASS = YES_ERROR;
				CLANG_WARN_UNREACHABLE_CODE = YES;
				CLANG_WARN__DUPLICATE_METHOD_MATCH = YES;
				"CODE_SIGN_IDENTITY[sdk=iphoneos*]" = "iPhone Developer";
				COPY_PHASE_STRIP = NO;
				ENABLE_STRICT_OBJC_MSGSEND = YES;
				GCC_C_LANGUAGE_STANDARD = gnu99;
				GCC_DYNAMIC_NO_PIC = NO;
				GCC_OPTIMIZATION_LEVEL = 0;
				GCC_PREPROCESSOR_DEFINITIONS = (
					"DEBUG=1",
					"$(inherited)",
				);
				GCC_SYMBOLS_PRIVATE_EXTERN = NO;
				GCC_WARN_64_TO_32_BIT_CONVERSION = YES;
				GCC_WARN_ABOUT_RETURN_TYPE = YES_ERROR;
				GCC_WARN_UNDECLARED_SELECTOR = YES;
				GCC_WARN_UNINITIALIZED_AUTOS = YES_AGGRESSIVE;
				GCC_WARN_UNUSED_FUNCTION = YES;
				GCC_WARN_UNUSED_VARIABLE = YES;
				IPHONEOS_DEPLOYMENT_TARGET = 8.0;
				MTL_ENABLE_DEBUG_INFO = YES;
				ONLY_ACTIVE_ARCH = YES;
				SDKROOT = iphoneos;
				TARGETED_DEVICE_FAMILY = "1,2";
			};
			name = Debug;
		};
		EAC693BF19EC94C000F0627B /* Release */ = {
			isa = XCBuildConfiguration;
			buildSettings = {
				ALWAYS_SEARCH_USER_PATHS = NO;
				CLANG_CXX_LANGUAGE_STANDARD = "gnu++0x";
				CLANG_CXX_LIBRARY = "libc++";
				CLANG_ENABLE_MODULES = YES;
				CLANG_ENABLE_OBJC_ARC = YES;
				CLANG_WARN_BOOL_CONVERSION = YES;
				CLANG_WARN_CONSTANT_CONVERSION = YES;
				CLANG_WARN_DIRECT_OBJC_ISA_USAGE = YES_ERROR;
				CLANG_WARN_EMPTY_BODY = YES;
				CLANG_WARN_ENUM_CONVERSION = YES;
				CLANG_WARN_INT_CONVERSION = YES;
				CLANG_WARN_OBJC_ROOT_CLASS = YES_ERROR;
				CLANG_WARN_UNREACHABLE_CODE = YES;
				CLANG_WARN__DUPLICATE_METHOD_MATCH = YES;
				"CODE_SIGN_IDENTITY[sdk=iphoneos*]" = "iPhone Developer";
				COPY_PHASE_STRIP = YES;
				ENABLE_NS_ASSERTIONS = NO;
				ENABLE_STRICT_OBJC_MSGSEND = YES;
				GCC_C_LANGUAGE_STANDARD = gnu99;
				GCC_WARN_64_TO_32_BIT_CONVERSION = YES;
				GCC_WARN_ABOUT_RETURN_TYPE = YES_ERROR;
				GCC_WARN_UNDECLARED_SELECTOR = YES;
				GCC_WARN_UNINITIALIZED_AUTOS = YES_AGGRESSIVE;
				GCC_WARN_UNUSED_FUNCTION = YES;
				GCC_WARN_UNUSED_VARIABLE = YES;
				IPHONEOS_DEPLOYMENT_TARGET = 8.0;
				MTL_ENABLE_DEBUG_INFO = NO;
				SDKROOT = iphoneos;
				TARGETED_DEVICE_FAMILY = "1,2";
				VALIDATE_PRODUCT = YES;
			};
			name = Release;
		};
		EAC693C119EC94C000F0627B /* Debug */ = {
			isa = XCBuildConfiguration;
			baseConfigurationReference = 831424A6A73DAFA3814E1212 /* Pods.debug.xcconfig */;
			buildSettings = {
				ASSETCATALOG_COMPILER_APPICON_NAME = AppIcon;
				INFOPLIST_FILE = Example/Info.plist;
				LD_RUNPATH_SEARCH_PATHS = "$(inherited) @executable_path/Frameworks";
				PRODUCT_NAME = "$(TARGET_NAME)";
			};
			name = Debug;
		};
		EAC693C219EC94C000F0627B /* Release */ = {
			isa = XCBuildConfiguration;
			baseConfigurationReference = 7548EC47874C5A256237302C /* Pods.release.xcconfig */;
			buildSettings = {
				ASSETCATALOG_COMPILER_APPICON_NAME = AppIcon;
				INFOPLIST_FILE = Example/Info.plist;
				LD_RUNPATH_SEARCH_PATHS = "$(inherited) @executable_path/Frameworks";
				PRODUCT_NAME = "$(TARGET_NAME)";
			};
			name = Release;
		};
/* End XCBuildConfiguration section */

/* Begin XCConfigurationList section */
		EAC6939819EC94C000F0627B /* Build configuration list for PBXProject "Example" */ = {
			isa = XCConfigurationList;
			buildConfigurations = (
				EAC693BE19EC94C000F0627B /* Debug */,
				EAC693BF19EC94C000F0627B /* Release */,
			);
			defaultConfigurationIsVisible = 0;
			defaultConfigurationName = Release;
		};
		EAC693C019EC94C000F0627B /* Build configuration list for PBXNativeTarget "Example" */ = {
			isa = XCConfigurationList;
			buildConfigurations = (
				EAC693C119EC94C000F0627B /* Debug */,
				EAC693C219EC94C000F0627B /* Release */,
			);
			defaultConfigurationIsVisible = 0;
			defaultConfigurationName = Release;
		};
/* End XCConfigurationList section */
	};
	rootObject = EAC6939519EC94C000F0627B /* Project object */;
}
